// !$*UTF8*$!
{
	archiveVersion = 1;
	classes = {
	};
	objectVersion = 46;
	objects = {

/* Begin PBXBuildFile section */
		15427C5A198F1DF000DC375D /* libcocos2d iOS.a in Frameworks */ = {isa = PBXBuildFile; fileRef = 15A8A4251834BDA200142BE0 /* libcocos2d iOS.a */; };
		15427C5B198F1E0100DC375D /* libluacocos2d iOS.a in Frameworks */ = {isa = PBXBuildFile; fileRef = 15427C59198F1DE400DC375D /* libluacocos2d iOS.a */; };
		15427C78198F1F9900DC375D /* libcocos2d Mac.a in Frameworks */ = {isa = PBXBuildFile; fileRef = 15A8A4171834BDA200142BE0 /* libcocos2d Mac.a */; };
		15427C79198F1FA200DC375D /* libluacocos2d Mac.a in Frameworks */ = {isa = PBXBuildFile; fileRef = 15427C49198F1DE400DC375D /* libluacocos2d Mac.a */; };
		15A8A4491834C64F00142BE0 /* Icon-114.png in Resources */ = {isa = PBXBuildFile; fileRef = 5023810C17EBBCAC00990C9B /* Icon-114.png */; };
		15A8A4881834C90F00142BE0 /* libcurl.dylib in Frameworks */ = {isa = PBXBuildFile; fileRef = 15A8A4871834C90E00142BE0 /* libcurl.dylib */; };
		15AECE29195D482800907DB0 /* MediaPlayer.framework in Frameworks */ = {isa = PBXBuildFile; fileRef = 15AECE28195D482800907DB0 /* MediaPlayer.framework */; };
		1AF4C403178663F200122817 /* libz.dylib in Frameworks */ = {isa = PBXBuildFile; fileRef = 1AF4C402178663F200122817 /* libz.dylib */; };
		5023811817EBBCAC00990C9B /* AppController.mm in Sources */ = {isa = PBXBuildFile; fileRef = 5023810817EBBCAC00990C9B /* AppController.mm */; };
		5023811917EBBCAC00990C9B /* Default-568h@2x.png in Resources */ = {isa = PBXBuildFile; fileRef = 5023810917EBBCAC00990C9B /* Default-568h@2x.png */; };
		5023811A17EBBCAC00990C9B /* Default.png in Resources */ = {isa = PBXBuildFile; fileRef = 5023810A17EBBCAC00990C9B /* Default.png */; };
		5023811B17EBBCAC00990C9B /* Default@2x.png in Resources */ = {isa = PBXBuildFile; fileRef = 5023810B17EBBCAC00990C9B /* Default@2x.png */; };
		5023811D17EBBCAC00990C9B /* Icon-120.png in Resources */ = {isa = PBXBuildFile; fileRef = 5023810D17EBBCAC00990C9B /* Icon-120.png */; };
		5023811E17EBBCAC00990C9B /* Icon-144.png in Resources */ = {isa = PBXBuildFile; fileRef = 5023810E17EBBCAC00990C9B /* Icon-144.png */; };
		5023811F17EBBCAC00990C9B /* Icon-152.png in Resources */ = {isa = PBXBuildFile; fileRef = 5023810F17EBBCAC00990C9B /* Icon-152.png */; };
		5023812017EBBCAC00990C9B /* Icon-57.png in Resources */ = {isa = PBXBuildFile; fileRef = 5023811017EBBCAC00990C9B /* Icon-57.png */; };
		5023812117EBBCAC00990C9B /* Icon-72.png in Resources */ = {isa = PBXBuildFile; fileRef = 5023811117EBBCAC00990C9B /* Icon-72.png */; };
		5023812217EBBCAC00990C9B /* Icon-76.png in Resources */ = {isa = PBXBuildFile; fileRef = 5023811217EBBCAC00990C9B /* Icon-76.png */; };
		5023812417EBBCAC00990C9B /* main.m in Sources */ = {isa = PBXBuildFile; fileRef = 5023811417EBBCAC00990C9B /* main.m */; };
		5023812517EBBCAC00990C9B /* RootViewController.mm in Sources */ = {isa = PBXBuildFile; fileRef = 5023811717EBBCAC00990C9B /* RootViewController.mm */; };
		5023813317EBBCE400990C9B /* AppDelegate.cpp in Sources */ = {isa = PBXBuildFile; fileRef = F293BB7E15EB831F00256477 /* AppDelegate.cpp */; };
		5023813717EBBCE400990C9B /* libz.dylib in Frameworks */ = {isa = PBXBuildFile; fileRef = 1AF4C402178663F200122817 /* libz.dylib */; };
		5023813E17EBBCE400990C9B /* QuartzCore.framework in Frameworks */ = {isa = PBXBuildFile; fileRef = F293B3CC15EB7BE500256477 /* QuartzCore.framework */; };
		5023814017EBBCE400990C9B /* OpenAL.framework in Frameworks */ = {isa = PBXBuildFile; fileRef = F293B3D015EB7BE500256477 /* OpenAL.framework */; };
		5023814117EBBCE400990C9B /* AudioToolbox.framework in Frameworks */ = {isa = PBXBuildFile; fileRef = F293B3D215EB7BE500256477 /* AudioToolbox.framework */; };
		5023814217EBBCE400990C9B /* AVFoundation.framework in Frameworks */ = {isa = PBXBuildFile; fileRef = F293B3D415EB7BE500256477 /* AVFoundation.framework */; };
		5023814417EBBCE400990C9B /* Foundation.framework in Frameworks */ = {isa = PBXBuildFile; fileRef = F293B3D815EB7BE500256477 /* Foundation.framework */; };
		5023817617EBBE3400990C9B /* Icon.icns in Resources */ = {isa = PBXBuildFile; fileRef = 5023817217EBBE3400990C9B /* Icon.icns */; };
		5023817A17EBBE8300990C9B /* OpenGLES.framework in Frameworks */ = {isa = PBXBuildFile; fileRef = 5023817917EBBE8300990C9B /* OpenGLES.framework */; };
		50805AAF17EBBEAA004CFAD3 /* UIKit.framework in Frameworks */ = {isa = PBXBuildFile; fileRef = 50805AAE17EBBEAA004CFAD3 /* UIKit.framework */; };
		5091733617ECE17A00D62437 /* Icon-29.png in Resources */ = {isa = PBXBuildFile; fileRef = 5091733017ECE17A00D62437 /* Icon-29.png */; };
		5091733717ECE17A00D62437 /* Icon-40.png in Resources */ = {isa = PBXBuildFile; fileRef = 5091733117ECE17A00D62437 /* Icon-40.png */; };
		5091733817ECE17A00D62437 /* Icon-50.png in Resources */ = {isa = PBXBuildFile; fileRef = 5091733217ECE17A00D62437 /* Icon-50.png */; };
		5091733917ECE17A00D62437 /* Icon-58.png in Resources */ = {isa = PBXBuildFile; fileRef = 5091733317ECE17A00D62437 /* Icon-58.png */; };
		5091733A17ECE17A00D62437 /* Icon-80.png in Resources */ = {isa = PBXBuildFile; fileRef = 5091733417ECE17A00D62437 /* Icon-80.png */; };
		5091733B17ECE17A00D62437 /* Icon-100.png in Resources */ = {isa = PBXBuildFile; fileRef = 5091733517ECE17A00D62437 /* Icon-100.png */; };
		50D7C96C17EBBEDF005D0B91 /* OpenGL.framework in Frameworks */ = {isa = PBXBuildFile; fileRef = 50D7C96B17EBBEDF005D0B91 /* OpenGL.framework */; };
		50D7C96E17EBBEE6005D0B91 /* AppKit.framework in Frameworks */ = {isa = PBXBuildFile; fileRef = 50D7C96D17EBBEE6005D0B91 /* AppKit.framework */; };
		50D7C97017EBBEEC005D0B91 /* IOKit.framework in Frameworks */ = {isa = PBXBuildFile; fileRef = 50D7C96F17EBBEEC005D0B91 /* IOKit.framework */; };
		521A8E6A19F0C3AC00D177D7 /* Default-667h@2x.png in Resources */ = {isa = PBXBuildFile; fileRef = 521A8E6819F0C3AC00D177D7 /* Default-667h@2x.png */; };
		521A8E6B19F0C3AC00D177D7 /* Default-736h@3x.png in Resources */ = {isa = PBXBuildFile; fileRef = 521A8E6919F0C3AC00D177D7 /* Default-736h@3x.png */; };
		B33112E21A5BBAB800AA6FA6 /* XCharacterSprite.cpp in Sources */ = {isa = PBXBuildFile; fileRef = B33112E01A5BBAB800AA6FA6 /* XCharacterSprite.cpp */; };
		B33112E51A5BC0BD00AA6FA6 /* XPlayerSprite.cpp in Sources */ = {isa = PBXBuildFile; fileRef = B33112E31A5BC0BD00AA6FA6 /* XPlayerSprite.cpp */; };
		B3431D3E1AADE09F00609B22 /* joystick_bg.png in Resources */ = {isa = PBXBuildFile; fileRef = B3431D3C1AADE09F00609B22 /* joystick_bg.png */; };
		B3431D3F1AADE09F00609B22 /* joystick_center.png in Resources */ = {isa = PBXBuildFile; fileRef = B3431D3D1AADE09F00609B22 /* joystick_center.png */; };
		B3643A621A6E006800BD8FD4 /* XTexturePacker.sh in Resources */ = {isa = PBXBuildFile; fileRef = B3643A611A6E006800BD8FD4 /* XTexturePacker.sh */; };
		B37273AD1AB2F1CF002FC667 /* XMessagePool.cpp in Sources */ = {isa = PBXBuildFile; fileRef = B37273AB1AB2F1CF002FC667 /* XMessagePool.cpp */; };
		B37A8C1C1A737A6F000F2FED /* NewAnimation.ExportJson in Resources */ = {isa = PBXBuildFile; fileRef = B37A8C191A737A6F000F2FED /* NewAnimation.ExportJson */; };
		B37A8C1D1A737A6F000F2FED /* NewAnimation0.plist in Resources */ = {isa = PBXBuildFile; fileRef = B37A8C1A1A737A6F000F2FED /* NewAnimation0.plist */; };
		B37A8C1E1A737A6F000F2FED /* NewAnimation0.png in Resources */ = {isa = PBXBuildFile; fileRef = B37A8C1B1A737A6F000F2FED /* NewAnimation0.png */; };
		B38DA2291A919EFF001CEF54 /* XStateMachine.cpp in Sources */ = {isa = PBXBuildFile; fileRef = B38DA2271A919EFF001CEF54 /* XStateMachine.cpp */; };
		B38DA22E1A91CE3D001CEF54 /* XState.cpp in Sources */ = {isa = PBXBuildFile; fileRef = B38DA22C1A91CE3D001CEF54 /* XState.cpp */; };
		B38DA2311A91D112001CEF54 /* XCharacter.cpp in Sources */ = {isa = PBXBuildFile; fileRef = B38DA22F1A91D112001CEF54 /* XCharacter.cpp */; };
		B39324941AAC39C100F345AA /* Joystick.cpp in Sources */ = {isa = PBXBuildFile; fileRef = B39324901AAC39C100F345AA /* Joystick.cpp */; };
		B39324951AAC39C100F345AA /* UIBattleLayer.cpp in Sources */ = {isa = PBXBuildFile; fileRef = B39324921AAC39C100F345AA /* UIBattleLayer.cpp */; };
		B39324991AAC3A2D00F345AA /* XBattleScene.cpp in Sources */ = {isa = PBXBuildFile; fileRef = B39324971AAC3A2D00F345AA /* XBattleScene.cpp */; };
		B3A6D1901A6CACD100815657 /* XPlayer.cpp in Sources */ = {isa = PBXBuildFile; fileRef = B3A6D18E1A6CACD100815657 /* XPlayer.cpp */; };
		B3A6D1931A6CAE0500815657 /* XBattleInfo.cpp in Sources */ = {isa = PBXBuildFile; fileRef = B3A6D1911A6CAE0500815657 /* XBattleInfo.cpp */; };
		B3A6D1961A6CAE5200815657 /* XHallInfo.cpp in Sources */ = {isa = PBXBuildFile; fileRef = B3A6D1941A6CAE5200815657 /* XHallInfo.cpp */; };
		B3ADB65B1AAEE808008FAE77 /* XPlayerMoveButton.cpp in Sources */ = {isa = PBXBuildFile; fileRef = B3ADB6591AAEE808008FAE77 /* XPlayerMoveButton.cpp */; };
		B3ADB65E1AAEEA0D008FAE77 /* XButton.cpp in Sources */ = {isa = PBXBuildFile; fileRef = B3ADB65C1AAEEA0D008FAE77 /* XButton.cpp */; };
		B3B493D71A6E34C300207881 /* HelloWorldScene.cpp in Sources */ = {isa = PBXBuildFile; fileRef = B3B493D51A6E34C300207881 /* HelloWorldScene.cpp */; };
		B3B493E01A6E391900207881 /* HelloWorld.png in Resources */ = {isa = PBXBuildFile; fileRef = B3B493DF1A6E391900207881 /* HelloWorld.png */; };
		B3B494001A6E486100207881 /* UI_Battle_hunbase-hd.plist in Resources */ = {isa = PBXBuildFile; fileRef = B3B493ED1A6E486100207881 /* UI_Battle_hunbase-hd.plist */; };
		B3B494011A6E486100207881 /* UI_Battle_hunbase-hd.pvr.ccz in Resources */ = {isa = PBXBuildFile; fileRef = B3B493EE1A6E486100207881 /* UI_Battle_hunbase-hd.pvr.ccz */; };
		B3B494021A6E486100207881 /* UI_Battle_hunbase.plist in Resources */ = {isa = PBXBuildFile; fileRef = B3B493EF1A6E486100207881 /* UI_Battle_hunbase.plist */; };
		B3B494031A6E486100207881 /* UI_Battle_hunbase.pvr.ccz in Resources */ = {isa = PBXBuildFile; fileRef = B3B493F01A6E486100207881 /* UI_Battle_hunbase.pvr.ccz */; };
		B3B494041A6E486100207881 /* UI_Battle_Public-hd.plist in Resources */ = {isa = PBXBuildFile; fileRef = B3B493F21A6E486100207881 /* UI_Battle_Public-hd.plist */; };
		B3B494051A6E486100207881 /* UI_Battle_Public-hd.pvr.ccz in Resources */ = {isa = PBXBuildFile; fileRef = B3B493F31A6E486100207881 /* UI_Battle_Public-hd.pvr.ccz */; };
		B3B494061A6E486100207881 /* UI_Battle_Public.plist in Resources */ = {isa = PBXBuildFile; fileRef = B3B493F41A6E486100207881 /* UI_Battle_Public.plist */; };
		B3B494071A6E486100207881 /* UI_Battle_Public.pvr.ccz in Resources */ = {isa = PBXBuildFile; fileRef = B3B493F51A6E486100207881 /* UI_Battle_Public.pvr.ccz */; };
		B3B494081A6E486100207881 /* UI_Battle_shangbase-hd.plist in Resources */ = {isa = PBXBuildFile; fileRef = B3B493F71A6E486100207881 /* UI_Battle_shangbase-hd.plist */; };
		B3B494091A6E486100207881 /* UI_Battle_shangbase-hd.pvr.ccz in Resources */ = {isa = PBXBuildFile; fileRef = B3B493F81A6E486100207881 /* UI_Battle_shangbase-hd.pvr.ccz */; };
		B3B4940A1A6E486100207881 /* UI_Battle_shangbase.plist in Resources */ = {isa = PBXBuildFile; fileRef = B3B493F91A6E486100207881 /* UI_Battle_shangbase.plist */; };
		B3B4940B1A6E486100207881 /* UI_Battle_shangbase.pvr.ccz in Resources */ = {isa = PBXBuildFile; fileRef = B3B493FA1A6E486100207881 /* UI_Battle_shangbase.pvr.ccz */; };
		B3B4940C1A6E486100207881 /* UI_Battle_xuanbase-hd.plist in Resources */ = {isa = PBXBuildFile; fileRef = B3B493FC1A6E486100207881 /* UI_Battle_xuanbase-hd.plist */; };
		B3B4940D1A6E486100207881 /* UI_Battle_xuanbase-hd.pvr.ccz in Resources */ = {isa = PBXBuildFile; fileRef = B3B493FD1A6E486100207881 /* UI_Battle_xuanbase-hd.pvr.ccz */; };
		B3B4940E1A6E486100207881 /* UI_Battle_xuanbase.plist in Resources */ = {isa = PBXBuildFile; fileRef = B3B493FE1A6E486100207881 /* UI_Battle_xuanbase.plist */; };
		B3B4940F1A6E486100207881 /* UI_Battle_xuanbase.pvr.ccz in Resources */ = {isa = PBXBuildFile; fileRef = B3B493FF1A6E486100207881 /* UI_Battle_xuanbase.pvr.ccz */; };
		B3BFE5641AB3642E00D1357E /* TongBase.ExportJson in Resources */ = {isa = PBXBuildFile; fileRef = B3BFE5611AB3642E00D1357E /* TongBase.ExportJson */; };
		B3BFE5651AB3642E00D1357E /* TongBase0.plist in Resources */ = {isa = PBXBuildFile; fileRef = B3BFE5621AB3642E00D1357E /* TongBase0.plist */; };
		B3BFE5661AB3642E00D1357E /* TongBase0.png in Resources */ = {isa = PBXBuildFile; fileRef = B3BFE5631AB3642E00D1357E /* TongBase0.png */; };
		B3CF3BB81AA5F649004EF9C6 /* XStateBattleBase.cpp in Sources */ = {isa = PBXBuildFile; fileRef = B3CF3BB61AA5F649004EF9C6 /* XStateBattleBase.cpp */; };
		B3CF3BD31AA5FBA6004EF9C6 /* XStateBattlePlayerAttack.cpp in Sources */ = {isa = PBXBuildFile; fileRef = B3CF3BCB1AA5FBA6004EF9C6 /* XStateBattlePlayerAttack.cpp */; };
		B3CF3BD41AA5FBA6004EF9C6 /* XStateBattlePlayerDefend.cpp in Sources */ = {isa = PBXBuildFile; fileRef = B3CF3BCD1AA5FBA6004EF9C6 /* XStateBattlePlayerDefend.cpp */; };
		B3CF3BD51AA5FBA6004EF9C6 /* XStateBattlePlayerJump.cpp in Sources */ = {isa = PBXBuildFile; fileRef = B3CF3BCF1AA5FBA6004EF9C6 /* XStateBattlePlayerJump.cpp */; };
		B3CF3BD61AA5FBA6004EF9C6 /* XStateBattlePlayerRun.cpp in Sources */ = {isa = PBXBuildFile; fileRef = B3CF3BD11AA5FBA6004EF9C6 /* XStateBattlePlayerRun.cpp */; };
		B3D15DCB1AB7D0E1007BA0D3 /* SocketManager.cpp in Sources */ = {isa = PBXBuildFile; fileRef = B3D15DC91AB7D0E1007BA0D3 /* SocketManager.cpp */; };
		C03781B918BF655400FE4F13 /* res in Resources */ = {isa = PBXBuildFile; fileRef = C03781B718BF655400FE4F13 /* res */; };
		C03781BA18BF655400FE4F13 /* res in Resources */ = {isa = PBXBuildFile; fileRef = C03781B718BF655400FE4F13 /* res */; };
		C03781BB18BF655400FE4F13 /* src in Resources */ = {isa = PBXBuildFile; fileRef = C03781B818BF655400FE4F13 /* src */; };
		C03781BC18BF655400FE4F13 /* src in Resources */ = {isa = PBXBuildFile; fileRef = C03781B818BF655400FE4F13 /* src */; };
		C06E23C418CEF9740093C81A /* main.cpp in Sources */ = {isa = PBXBuildFile; fileRef = C06E23C318CEF9740093C81A /* main.cpp */; };
		D6B061351803AC000077942B /* CoreMotion.framework in Frameworks */ = {isa = PBXBuildFile; fileRef = D6B061341803AC000077942B /* CoreMotion.framework */; };
		F293B3CD15EB7BE500256477 /* QuartzCore.framework in Frameworks */ = {isa = PBXBuildFile; fileRef = F293B3CC15EB7BE500256477 /* QuartzCore.framework */; };
		F293B3D115EB7BE500256477 /* OpenAL.framework in Frameworks */ = {isa = PBXBuildFile; fileRef = F293B3D015EB7BE500256477 /* OpenAL.framework */; };
		F293B3D315EB7BE500256477 /* AudioToolbox.framework in Frameworks */ = {isa = PBXBuildFile; fileRef = F293B3D215EB7BE500256477 /* AudioToolbox.framework */; };
		F293B3D515EB7BE500256477 /* AVFoundation.framework in Frameworks */ = {isa = PBXBuildFile; fileRef = F293B3D415EB7BE500256477 /* AVFoundation.framework */; };
		F293B3D915EB7BE500256477 /* Foundation.framework in Frameworks */ = {isa = PBXBuildFile; fileRef = F293B3D815EB7BE500256477 /* Foundation.framework */; };
		F293B3DB15EB7BE500256477 /* CoreGraphics.framework in Frameworks */ = {isa = PBXBuildFile; fileRef = F293B3DA15EB7BE500256477 /* CoreGraphics.framework */; };
		F293BB9C15EB831F00256477 /* AppDelegate.cpp in Sources */ = {isa = PBXBuildFile; fileRef = F293BB7E15EB831F00256477 /* AppDelegate.cpp */; };
/* End PBXBuildFile section */

/* Begin PBXContainerItemProxy section */
		15427C48198F1DE400DC375D /* PBXContainerItemProxy */ = {
			isa = PBXContainerItemProxy;
			containerPortal = C03781AE18BF654500FE4F13 /* cocos2d_lua_bindings.xcodeproj */;
			proxyType = 2;
			remoteGlobalIDString = 15C1C2CC198748D200A46ACC;
			remoteInfo = "libluacocos2d Mac";
		};
		15427C58198F1DE400DC375D /* PBXContainerItemProxy */ = {
			isa = PBXContainerItemProxy;
			containerPortal = C03781AE18BF654500FE4F13 /* cocos2d_lua_bindings.xcodeproj */;
			proxyType = 2;
			remoteGlobalIDString = 15EFA616198B2DAA000C57D3;
			remoteInfo = "libluacocos2d iOS";
		};
		15427C64198F1E7400DC375D /* PBXContainerItemProxy */ = {
			isa = PBXContainerItemProxy;
			containerPortal = C03781AE18BF654500FE4F13 /* cocos2d_lua_bindings.xcodeproj */;
			proxyType = 1;
			remoteGlobalIDString = 15EFA59E198B2DAA000C57D3;
			remoteInfo = "libluacocos2d iOS";
		};
		15427C66198F1E7400DC375D /* PBXContainerItemProxy */ = {
			isa = PBXContainerItemProxy;
			containerPortal = 15A8A4031834BDA200142BE0 /* cocos2d_libs.xcodeproj */;
			proxyType = 1;
			remoteGlobalIDString = A07A4C241783777C0073F6A7;
			remoteInfo = "libcocos2d iOS";
		};
		15427C70198F1F4D00DC375D /* PBXContainerItemProxy */ = {
			isa = PBXContainerItemProxy;
			containerPortal = C03781AE18BF654500FE4F13 /* cocos2d_lua_bindings.xcodeproj */;
			proxyType = 1;
			remoteGlobalIDString = 15C1C255198748D200A46ACC;
			remoteInfo = "libluacocos2d Mac";
		};
		15427C72198F1F4D00DC375D /* PBXContainerItemProxy */ = {
			isa = PBXContainerItemProxy;
			containerPortal = 15A8A4031834BDA200142BE0 /* cocos2d_libs.xcodeproj */;
			proxyType = 1;
			remoteGlobalIDString = 1551A33E158F2AB200E66CFE;
			remoteInfo = "libcocos2d Mac";
		};
		15A8A4161834BDA200142BE0 /* PBXContainerItemProxy */ = {
			isa = PBXContainerItemProxy;
			containerPortal = 15A8A4031834BDA200142BE0 /* cocos2d_libs.xcodeproj */;
			proxyType = 2;
			remoteGlobalIDString = 1551A33F158F2AB200E66CFE;
			remoteInfo = "cocos2dx Mac";
		};
		15A8A4241834BDA200142BE0 /* PBXContainerItemProxy */ = {
			isa = PBXContainerItemProxy;
			containerPortal = 15A8A4031834BDA200142BE0 /* cocos2d_libs.xcodeproj */;
			proxyType = 2;
			remoteGlobalIDString = A07A4D641783777C0073F6A7;
			remoteInfo = "cocos2dx iOS";
		};
		B3B494101A6E56FA00207881 /* PBXContainerItemProxy */ = {
			isa = PBXContainerItemProxy;
			containerPortal = F293B3BF15EB7BE500256477 /* Project object */;
			proxyType = 1;
			remoteGlobalIDString = B3643A631A6E012E00BD8FD4;
			remoteInfo = XTexturePacker;
		};
/* End PBXContainerItemProxy section */

/* Begin PBXFileReference section */
		15427C7E198F201A00DC375D /* lua_module_register.h */ = {isa = PBXFileReference; fileEncoding = 4; lastKnownFileType = sourcecode.c.h; name = lua_module_register.h; path = ../Classes/lua_module_register.h; sourceTree = "<group>"; };
		15A8A4031834BDA200142BE0 /* cocos2d_libs.xcodeproj */ = {isa = PBXFileReference; lastKnownFileType = "wrapper.pb-project"; name = cocos2d_libs.xcodeproj; path = "../../cocos2d-x/build/cocos2d_libs.xcodeproj"; sourceTree = "<group>"; };
		15A8A4871834C90E00142BE0 /* libcurl.dylib */ = {isa = PBXFileReference; lastKnownFileType = "compiled.mach-o.dylib"; name = libcurl.dylib; path = usr/lib/libcurl.dylib; sourceTree = SDKROOT; };
		15AECE28195D482800907DB0 /* MediaPlayer.framework */ = {isa = PBXFileReference; lastKnownFileType = wrapper.framework; name = MediaPlayer.framework; path = Platforms/iPhoneOS.platform/Developer/SDKs/iPhoneOS7.1.sdk/System/Library/Frameworks/MediaPlayer.framework; sourceTree = DEVELOPER_DIR; };
		15C1568D1683131500D239F2 /* libcurl.a */ = {isa = PBXFileReference; lastKnownFileType = archive.ar; name = libcurl.a; path = "../../cocos2d-x/cocos2dx/platform/third_party/ios/libraries/libcurl.a"; sourceTree = "<group>"; };
		1AF4C402178663F200122817 /* libz.dylib */ = {isa = PBXFileReference; lastKnownFileType = "compiled.mach-o.dylib"; name = libz.dylib; path = usr/lib/libz.dylib; sourceTree = SDKROOT; };
		5023810717EBBCAC00990C9B /* AppController.h */ = {isa = PBXFileReference; fileEncoding = 4; lastKnownFileType = sourcecode.c.h; path = AppController.h; sourceTree = "<group>"; };
		5023810817EBBCAC00990C9B /* AppController.mm */ = {isa = PBXFileReference; fileEncoding = 4; lastKnownFileType = sourcecode.cpp.objcpp; path = AppController.mm; sourceTree = "<group>"; };
		5023810917EBBCAC00990C9B /* Default-568h@2x.png */ = {isa = PBXFileReference; lastKnownFileType = image.png; path = "Default-568h@2x.png"; sourceTree = "<group>"; };
		5023810A17EBBCAC00990C9B /* Default.png */ = {isa = PBXFileReference; lastKnownFileType = image.png; path = Default.png; sourceTree = "<group>"; };
		5023810B17EBBCAC00990C9B /* Default@2x.png */ = {isa = PBXFileReference; lastKnownFileType = image.png; path = "Default@2x.png"; sourceTree = "<group>"; };
		5023810C17EBBCAC00990C9B /* Icon-114.png */ = {isa = PBXFileReference; lastKnownFileType = image.png; path = "Icon-114.png"; sourceTree = "<group>"; };
		5023810D17EBBCAC00990C9B /* Icon-120.png */ = {isa = PBXFileReference; lastKnownFileType = image.png; path = "Icon-120.png"; sourceTree = "<group>"; };
		5023810E17EBBCAC00990C9B /* Icon-144.png */ = {isa = PBXFileReference; lastKnownFileType = image.png; path = "Icon-144.png"; sourceTree = "<group>"; };
		5023810F17EBBCAC00990C9B /* Icon-152.png */ = {isa = PBXFileReference; lastKnownFileType = image.png; path = "Icon-152.png"; sourceTree = "<group>"; };
		5023811017EBBCAC00990C9B /* Icon-57.png */ = {isa = PBXFileReference; lastKnownFileType = image.png; path = "Icon-57.png"; sourceTree = "<group>"; };
		5023811117EBBCAC00990C9B /* Icon-72.png */ = {isa = PBXFileReference; lastKnownFileType = image.png; path = "Icon-72.png"; sourceTree = "<group>"; };
		5023811217EBBCAC00990C9B /* Icon-76.png */ = {isa = PBXFileReference; lastKnownFileType = image.png; path = "Icon-76.png"; sourceTree = "<group>"; };
		5023811317EBBCAC00990C9B /* Info.plist */ = {isa = PBXFileReference; fileEncoding = 4; lastKnownFileType = text.plist.xml; path = Info.plist; sourceTree = "<group>"; };
		5023811417EBBCAC00990C9B /* main.m */ = {isa = PBXFileReference; fileEncoding = 4; lastKnownFileType = sourcecode.c.objc; path = main.m; sourceTree = "<group>"; };
		5023811517EBBCAC00990C9B /* Prefix.pch */ = {isa = PBXFileReference; fileEncoding = 4; lastKnownFileType = sourcecode.c.h; path = Prefix.pch; sourceTree = "<group>"; };
		5023811617EBBCAC00990C9B /* RootViewController.h */ = {isa = PBXFileReference; fileEncoding = 4; lastKnownFileType = sourcecode.c.h; path = RootViewController.h; sourceTree = "<group>"; };
		5023811717EBBCAC00990C9B /* RootViewController.mm */ = {isa = PBXFileReference; fileEncoding = 4; lastKnownFileType = sourcecode.cpp.objcpp; path = RootViewController.mm; sourceTree = "<group>"; };
		5023816B17EBBCE400990C9B /* X Mac.app */ = {isa = PBXFileReference; explicitFileType = wrapper.application; includeInIndex = 0; path = "X Mac.app"; sourceTree = BUILT_PRODUCTS_DIR; };
		5023817217EBBE3400990C9B /* Icon.icns */ = {isa = PBXFileReference; lastKnownFileType = image.icns; path = Icon.icns; sourceTree = "<group>"; };
		5023817317EBBE3400990C9B /* Info.plist */ = {isa = PBXFileReference; fileEncoding = 4; lastKnownFileType = text.plist.xml; path = Info.plist; sourceTree = "<group>"; };
		5023817517EBBE3400990C9B /* Prefix.pch */ = {isa = PBXFileReference; fileEncoding = 4; lastKnownFileType = sourcecode.c.h; path = Prefix.pch; sourceTree = "<group>"; };
		5023817917EBBE8300990C9B /* OpenGLES.framework */ = {isa = PBXFileReference; lastKnownFileType = wrapper.framework; name = OpenGLES.framework; path = Platforms/iPhoneOS.platform/Developer/SDKs/iPhoneOS7.0.sdk/System/Library/Frameworks/OpenGLES.framework; sourceTree = DEVELOPER_DIR; };
		50805AAE17EBBEAA004CFAD3 /* UIKit.framework */ = {isa = PBXFileReference; lastKnownFileType = wrapper.framework; name = UIKit.framework; path = Platforms/iPhoneOS.platform/Developer/SDKs/iPhoneOS7.0.sdk/System/Library/Frameworks/UIKit.framework; sourceTree = DEVELOPER_DIR; };
		5091733017ECE17A00D62437 /* Icon-29.png */ = {isa = PBXFileReference; lastKnownFileType = image.png; path = "Icon-29.png"; sourceTree = "<group>"; };
		5091733117ECE17A00D62437 /* Icon-40.png */ = {isa = PBXFileReference; lastKnownFileType = image.png; path = "Icon-40.png"; sourceTree = "<group>"; };
		5091733217ECE17A00D62437 /* Icon-50.png */ = {isa = PBXFileReference; lastKnownFileType = image.png; path = "Icon-50.png"; sourceTree = "<group>"; };
		5091733317ECE17A00D62437 /* Icon-58.png */ = {isa = PBXFileReference; lastKnownFileType = image.png; path = "Icon-58.png"; sourceTree = "<group>"; };
		5091733417ECE17A00D62437 /* Icon-80.png */ = {isa = PBXFileReference; lastKnownFileType = image.png; path = "Icon-80.png"; sourceTree = "<group>"; };
		5091733517ECE17A00D62437 /* Icon-100.png */ = {isa = PBXFileReference; lastKnownFileType = image.png; path = "Icon-100.png"; sourceTree = "<group>"; };
		50D7C96B17EBBEDF005D0B91 /* OpenGL.framework */ = {isa = PBXFileReference; lastKnownFileType = wrapper.framework; name = OpenGL.framework; path = System/Library/Frameworks/OpenGL.framework; sourceTree = SDKROOT; };
		50D7C96D17EBBEE6005D0B91 /* AppKit.framework */ = {isa = PBXFileReference; lastKnownFileType = wrapper.framework; name = AppKit.framework; path = System/Library/Frameworks/AppKit.framework; sourceTree = SDKROOT; };
		50D7C96F17EBBEEC005D0B91 /* IOKit.framework */ = {isa = PBXFileReference; lastKnownFileType = wrapper.framework; name = IOKit.framework; path = System/Library/Frameworks/IOKit.framework; sourceTree = SDKROOT; };
		521A8E6819F0C3AC00D177D7 /* Default-667h@2x.png */ = {isa = PBXFileReference; lastKnownFileType = image.png; path = "Default-667h@2x.png"; sourceTree = "<group>"; };
		521A8E6919F0C3AC00D177D7 /* Default-736h@3x.png */ = {isa = PBXFileReference; lastKnownFileType = image.png; path = "Default-736h@3x.png"; sourceTree = "<group>"; };
		B33112E01A5BBAB800AA6FA6 /* XCharacterSprite.cpp */ = {isa = PBXFileReference; fileEncoding = 4; lastKnownFileType = sourcecode.cpp.cpp; path = XCharacterSprite.cpp; sourceTree = "<group>"; };
		B33112E11A5BBAB800AA6FA6 /* XCharacterSprite.h */ = {isa = PBXFileReference; fileEncoding = 4; lastKnownFileType = sourcecode.c.h; path = XCharacterSprite.h; sourceTree = "<group>"; };
		B33112E31A5BC0BD00AA6FA6 /* XPlayerSprite.cpp */ = {isa = PBXFileReference; fileEncoding = 4; lastKnownFileType = sourcecode.cpp.cpp; path = XPlayerSprite.cpp; sourceTree = "<group>"; };
		B33112E41A5BC0BD00AA6FA6 /* XPlayerSprite.h */ = {isa = PBXFileReference; fileEncoding = 4; lastKnownFileType = sourcecode.c.h; path = XPlayerSprite.h; sourceTree = "<group>"; };
		B3431D3C1AADE09F00609B22 /* joystick_bg.png */ = {isa = PBXFileReference; lastKnownFileType = image.png; path = joystick_bg.png; sourceTree = "<group>"; };
		B3431D3D1AADE09F00609B22 /* joystick_center.png */ = {isa = PBXFileReference; lastKnownFileType = image.png; path = joystick_center.png; sourceTree = "<group>"; };
		B3643A611A6E006800BD8FD4 /* XTexturePacker.sh */ = {isa = PBXFileReference; fileEncoding = 4; lastKnownFileType = text.script.sh; path = XTexturePacker.sh; sourceTree = "<group>"; };
		B37273AB1AB2F1CF002FC667 /* XMessagePool.cpp */ = {isa = PBXFileReference; fileEncoding = 4; lastKnownFileType = sourcecode.cpp.cpp; path = XMessagePool.cpp; sourceTree = "<group>"; };
		B37273AC1AB2F1CF002FC667 /* XMessagePool.h */ = {isa = PBXFileReference; fileEncoding = 4; lastKnownFileType = sourcecode.c.h; path = XMessagePool.h; sourceTree = "<group>"; };
		B37A8C191A737A6F000F2FED /* NewAnimation.ExportJson */ = {isa = PBXFileReference; fileEncoding = 4; lastKnownFileType = text; path = NewAnimation.ExportJson; sourceTree = "<group>"; };
		B37A8C1A1A737A6F000F2FED /* NewAnimation0.plist */ = {isa = PBXFileReference; fileEncoding = 4; lastKnownFileType = text.plist.xml; path = NewAnimation0.plist; sourceTree = "<group>"; };
		B37A8C1B1A737A6F000F2FED /* NewAnimation0.png */ = {isa = PBXFileReference; lastKnownFileType = image.png; path = NewAnimation0.png; sourceTree = "<group>"; };
		B38DA2271A919EFF001CEF54 /* XStateMachine.cpp */ = {isa = PBXFileReference; fileEncoding = 4; lastKnownFileType = sourcecode.cpp.cpp; path = XStateMachine.cpp; sourceTree = "<group>"; };
		B38DA2281A919EFF001CEF54 /* XStateMachine.h */ = {isa = PBXFileReference; fileEncoding = 4; lastKnownFileType = sourcecode.c.h; path = XStateMachine.h; sourceTree = "<group>"; };
		B38DA22C1A91CE3D001CEF54 /* XState.cpp */ = {isa = PBXFileReference; fileEncoding = 4; lastKnownFileType = sourcecode.cpp.cpp; path = XState.cpp; sourceTree = "<group>"; };
		B38DA22D1A91CE3D001CEF54 /* XState.h */ = {isa = PBXFileReference; fileEncoding = 4; lastKnownFileType = sourcecode.c.h; path = XState.h; sourceTree = "<group>"; };
		B38DA22F1A91D112001CEF54 /* XCharacter.cpp */ = {isa = PBXFileReference; fileEncoding = 4; lastKnownFileType = sourcecode.cpp.cpp; path = XCharacter.cpp; sourceTree = "<group>"; };
		B38DA2301A91D112001CEF54 /* XCharacter.h */ = {isa = PBXFileReference; fileEncoding = 4; lastKnownFileType = sourcecode.c.h; path = XCharacter.h; sourceTree = "<group>"; };
		B39324901AAC39C100F345AA /* Joystick.cpp */ = {isa = PBXFileReference; fileEncoding = 4; lastKnownFileType = sourcecode.cpp.cpp; path = Joystick.cpp; sourceTree = "<group>"; };
		B39324911AAC39C100F345AA /* Joystick.h */ = {isa = PBXFileReference; fileEncoding = 4; lastKnownFileType = sourcecode.c.h; path = Joystick.h; sourceTree = "<group>"; };
		B39324921AAC39C100F345AA /* UIBattleLayer.cpp */ = {isa = PBXFileReference; fileEncoding = 4; lastKnownFileType = sourcecode.cpp.cpp; path = UIBattleLayer.cpp; sourceTree = "<group>"; };
		B39324931AAC39C100F345AA /* UIBattleLayer.h */ = {isa = PBXFileReference; fileEncoding = 4; lastKnownFileType = sourcecode.c.h; path = UIBattleLayer.h; sourceTree = "<group>"; };
		B39324971AAC3A2D00F345AA /* XBattleScene.cpp */ = {isa = PBXFileReference; fileEncoding = 4; lastKnownFileType = sourcecode.cpp.cpp; path = XBattleScene.cpp; sourceTree = "<group>"; };
		B39324981AAC3A2D00F345AA /* XBattleScene.h */ = {isa = PBXFileReference; fileEncoding = 4; lastKnownFileType = sourcecode.c.h; path = XBattleScene.h; sourceTree = "<group>"; };
		B3A6D18E1A6CACD100815657 /* XPlayer.cpp */ = {isa = PBXFileReference; fileEncoding = 4; lastKnownFileType = sourcecode.cpp.cpp; path = XPlayer.cpp; sourceTree = "<group>"; };
		B3A6D18F1A6CACD100815657 /* XPlayer.h */ = {isa = PBXFileReference; fileEncoding = 4; lastKnownFileType = sourcecode.c.h; path = XPlayer.h; sourceTree = "<group>"; };
		B3A6D1911A6CAE0500815657 /* XBattleInfo.cpp */ = {isa = PBXFileReference; fileEncoding = 4; lastKnownFileType = sourcecode.cpp.cpp; path = XBattleInfo.cpp; sourceTree = "<group>"; };
		B3A6D1921A6CAE0500815657 /* XBattleInfo.h */ = {isa = PBXFileReference; fileEncoding = 4; lastKnownFileType = sourcecode.c.h; path = XBattleInfo.h; sourceTree = "<group>"; };
		B3A6D1941A6CAE5200815657 /* XHallInfo.cpp */ = {isa = PBXFileReference; fileEncoding = 4; lastKnownFileType = sourcecode.cpp.cpp; path = XHallInfo.cpp; sourceTree = "<group>"; };
		B3A6D1951A6CAE5200815657 /* XHallInfo.h */ = {isa = PBXFileReference; fileEncoding = 4; lastKnownFileType = sourcecode.c.h; path = XHallInfo.h; sourceTree = "<group>"; };
		B3ADB6591AAEE808008FAE77 /* XPlayerMoveButton.cpp */ = {isa = PBXFileReference; fileEncoding = 4; lastKnownFileType = sourcecode.cpp.cpp; path = XPlayerMoveButton.cpp; sourceTree = "<group>"; };
		B3ADB65A1AAEE808008FAE77 /* XPlayerMoveButton.h */ = {isa = PBXFileReference; fileEncoding = 4; lastKnownFileType = sourcecode.c.h; path = XPlayerMoveButton.h; sourceTree = "<group>"; };
		B3ADB65C1AAEEA0D008FAE77 /* XButton.cpp */ = {isa = PBXFileReference; fileEncoding = 4; lastKnownFileType = sourcecode.cpp.cpp; path = XButton.cpp; sourceTree = "<group>"; };
		B3ADB65D1AAEEA0D008FAE77 /* XButton.h */ = {isa = PBXFileReference; fileEncoding = 4; lastKnownFileType = sourcecode.c.h; path = XButton.h; sourceTree = "<group>"; };
		B3B493D51A6E34C300207881 /* HelloWorldScene.cpp */ = {isa = PBXFileReference; fileEncoding = 4; lastKnownFileType = sourcecode.cpp.cpp; path = HelloWorldScene.cpp; sourceTree = "<group>"; };
		B3B493D61A6E34C300207881 /* HelloWorldScene.h */ = {isa = PBXFileReference; fileEncoding = 4; lastKnownFileType = sourcecode.c.h; path = HelloWorldScene.h; sourceTree = "<group>"; };
		B3B493DF1A6E391900207881 /* HelloWorld.png */ = {isa = PBXFileReference; lastKnownFileType = image.png; name = HelloWorld.png; path = ../../../HelloWorld.png; sourceTree = "<group>"; };
		B3B493ED1A6E486100207881 /* UI_Battle_hunbase-hd.plist */ = {isa = PBXFileReference; fileEncoding = 4; lastKnownFileType = text.plist.xml; path = "UI_Battle_hunbase-hd.plist"; sourceTree = "<group>"; };
		B3B493EE1A6E486100207881 /* UI_Battle_hunbase-hd.pvr.ccz */ = {isa = PBXFileReference; lastKnownFileType = file; path = "UI_Battle_hunbase-hd.pvr.ccz"; sourceTree = "<group>"; };
		B3B493EF1A6E486100207881 /* UI_Battle_hunbase.plist */ = {isa = PBXFileReference; fileEncoding = 4; lastKnownFileType = text.plist.xml; path = UI_Battle_hunbase.plist; sourceTree = "<group>"; };
		B3B493F01A6E486100207881 /* UI_Battle_hunbase.pvr.ccz */ = {isa = PBXFileReference; lastKnownFileType = file; path = UI_Battle_hunbase.pvr.ccz; sourceTree = "<group>"; };
		B3B493F21A6E486100207881 /* UI_Battle_Public-hd.plist */ = {isa = PBXFileReference; fileEncoding = 4; lastKnownFileType = text.plist.xml; path = "UI_Battle_Public-hd.plist"; sourceTree = "<group>"; };
		B3B493F31A6E486100207881 /* UI_Battle_Public-hd.pvr.ccz */ = {isa = PBXFileReference; lastKnownFileType = file; path = "UI_Battle_Public-hd.pvr.ccz"; sourceTree = "<group>"; };
		B3B493F41A6E486100207881 /* UI_Battle_Public.plist */ = {isa = PBXFileReference; fileEncoding = 4; lastKnownFileType = text.plist.xml; path = UI_Battle_Public.plist; sourceTree = "<group>"; };
		B3B493F51A6E486100207881 /* UI_Battle_Public.pvr.ccz */ = {isa = PBXFileReference; lastKnownFileType = file; path = UI_Battle_Public.pvr.ccz; sourceTree = "<group>"; };
		B3B493F71A6E486100207881 /* UI_Battle_shangbase-hd.plist */ = {isa = PBXFileReference; fileEncoding = 4; lastKnownFileType = text.plist.xml; path = "UI_Battle_shangbase-hd.plist"; sourceTree = "<group>"; };
		B3B493F81A6E486100207881 /* UI_Battle_shangbase-hd.pvr.ccz */ = {isa = PBXFileReference; lastKnownFileType = file; path = "UI_Battle_shangbase-hd.pvr.ccz"; sourceTree = "<group>"; };
		B3B493F91A6E486100207881 /* UI_Battle_shangbase.plist */ = {isa = PBXFileReference; fileEncoding = 4; lastKnownFileType = text.plist.xml; path = UI_Battle_shangbase.plist; sourceTree = "<group>"; };
		B3B493FA1A6E486100207881 /* UI_Battle_shangbase.pvr.ccz */ = {isa = PBXFileReference; lastKnownFileType = file; path = UI_Battle_shangbase.pvr.ccz; sourceTree = "<group>"; };
		B3B493FC1A6E486100207881 /* UI_Battle_xuanbase-hd.plist */ = {isa = PBXFileReference; fileEncoding = 4; lastKnownFileType = text.plist.xml; path = "UI_Battle_xuanbase-hd.plist"; sourceTree = "<group>"; };
		B3B493FD1A6E486100207881 /* UI_Battle_xuanbase-hd.pvr.ccz */ = {isa = PBXFileReference; lastKnownFileType = file; path = "UI_Battle_xuanbase-hd.pvr.ccz"; sourceTree = "<group>"; };
		B3B493FE1A6E486100207881 /* UI_Battle_xuanbase.plist */ = {isa = PBXFileReference; fileEncoding = 4; lastKnownFileType = text.plist.xml; path = UI_Battle_xuanbase.plist; sourceTree = "<group>"; };
		B3B493FF1A6E486100207881 /* UI_Battle_xuanbase.pvr.ccz */ = {isa = PBXFileReference; lastKnownFileType = file; path = UI_Battle_xuanbase.pvr.ccz; sourceTree = "<group>"; };
		B3BFE5611AB3642E00D1357E /* TongBase.ExportJson */ = {isa = PBXFileReference; fileEncoding = 4; lastKnownFileType = text; path = TongBase.ExportJson; sourceTree = "<group>"; };
		B3BFE5621AB3642E00D1357E /* TongBase0.plist */ = {isa = PBXFileReference; fileEncoding = 4; lastKnownFileType = text.plist.xml; path = TongBase0.plist; sourceTree = "<group>"; };
		B3BFE5631AB3642E00D1357E /* TongBase0.png */ = {isa = PBXFileReference; lastKnownFileType = image.png; path = TongBase0.png; sourceTree = "<group>"; };
		B3CF3BB61AA5F649004EF9C6 /* XStateBattleBase.cpp */ = {isa = PBXFileReference; fileEncoding = 4; lastKnownFileType = sourcecode.cpp.cpp; path = XStateBattleBase.cpp; sourceTree = "<group>"; };
		B3CF3BB71AA5F649004EF9C6 /* XStateBattleBase.h */ = {isa = PBXFileReference; fileEncoding = 4; lastKnownFileType = sourcecode.c.h; path = XStateBattleBase.h; sourceTree = "<group>"; };
		B3CF3BCB1AA5FBA6004EF9C6 /* XStateBattlePlayerAttack.cpp */ = {isa = PBXFileReference; fileEncoding = 4; lastKnownFileType = sourcecode.cpp.cpp; path = XStateBattlePlayerAttack.cpp; sourceTree = "<group>"; };
		B3CF3BCC1AA5FBA6004EF9C6 /* XStateBattlePlayerAttack.h */ = {isa = PBXFileReference; fileEncoding = 4; lastKnownFileType = sourcecode.c.h; path = XStateBattlePlayerAttack.h; sourceTree = "<group>"; };
		B3CF3BCD1AA5FBA6004EF9C6 /* XStateBattlePlayerDefend.cpp */ = {isa = PBXFileReference; fileEncoding = 4; lastKnownFileType = sourcecode.cpp.cpp; path = XStateBattlePlayerDefend.cpp; sourceTree = "<group>"; };
		B3CF3BCE1AA5FBA6004EF9C6 /* XStateBattlePlayerDefend.h */ = {isa = PBXFileReference; fileEncoding = 4; lastKnownFileType = sourcecode.c.h; path = XStateBattlePlayerDefend.h; sourceTree = "<group>"; };
		B3CF3BCF1AA5FBA6004EF9C6 /* XStateBattlePlayerJump.cpp */ = {isa = PBXFileReference; fileEncoding = 4; lastKnownFileType = sourcecode.cpp.cpp; path = XStateBattlePlayerJump.cpp; sourceTree = "<group>"; };
		B3CF3BD01AA5FBA6004EF9C6 /* XStateBattlePlayerJump.h */ = {isa = PBXFileReference; fileEncoding = 4; lastKnownFileType = sourcecode.c.h; path = XStateBattlePlayerJump.h; sourceTree = "<group>"; };
		B3CF3BD11AA5FBA6004EF9C6 /* XStateBattlePlayerRun.cpp */ = {isa = PBXFileReference; fileEncoding = 4; lastKnownFileType = sourcecode.cpp.cpp; path = XStateBattlePlayerRun.cpp; sourceTree = "<group>"; };
		B3CF3BD21AA5FBA6004EF9C6 /* XStateBattlePlayerRun.h */ = {isa = PBXFileReference; fileEncoding = 4; lastKnownFileType = sourcecode.c.h; path = XStateBattlePlayerRun.h; sourceTree = "<group>"; };
		B3D15DC91AB7D0E1007BA0D3 /* SocketManager.cpp */ = {isa = PBXFileReference; fileEncoding = 4; lastKnownFileType = sourcecode.cpp.cpp; path = SocketManager.cpp; sourceTree = "<group>"; };
		B3D15DCA1AB7D0E1007BA0D3 /* SocketManager.h */ = {isa = PBXFileReference; fileEncoding = 4; lastKnownFileType = sourcecode.c.h; path = SocketManager.h; sourceTree = "<group>"; };
		C03781AE18BF654500FE4F13 /* cocos2d_lua_bindings.xcodeproj */ = {isa = PBXFileReference; lastKnownFileType = "wrapper.pb-project"; name = cocos2d_lua_bindings.xcodeproj; path = "../../cocos2d-x/cocos/scripting/lua-bindings/proj.ios_mac/cocos2d_lua_bindings.xcodeproj"; sourceTree = "<group>"; };
		C03781B718BF655400FE4F13 /* res */ = {isa = PBXFileReference; lastKnownFileType = folder; name = res; path = ../../../res; sourceTree = "<group>"; };
		C03781B818BF655400FE4F13 /* src */ = {isa = PBXFileReference; lastKnownFileType = folder; name = src; path = ../../../src; sourceTree = "<group>"; };
		C06E23C318CEF9740093C81A /* main.cpp */ = {isa = PBXFileReference; fileEncoding = 4; lastKnownFileType = sourcecode.cpp.cpp; path = main.cpp; sourceTree = "<group>"; };
		D6B061341803AC000077942B /* CoreMotion.framework */ = {isa = PBXFileReference; lastKnownFileType = wrapper.framework; name = CoreMotion.framework; path = Platforms/iPhoneOS.platform/Developer/SDKs/iPhoneOS7.0.sdk/System/Library/Frameworks/CoreMotion.framework; sourceTree = DEVELOPER_DIR; };
		F293B3C815EB7BE500256477 /* X iOS.app */ = {isa = PBXFileReference; explicitFileType = wrapper.application; includeInIndex = 0; path = "X iOS.app"; sourceTree = BUILT_PRODUCTS_DIR; };
		F293B3CC15EB7BE500256477 /* QuartzCore.framework */ = {isa = PBXFileReference; lastKnownFileType = wrapper.framework; name = QuartzCore.framework; path = System/Library/Frameworks/QuartzCore.framework; sourceTree = SDKROOT; };
		F293B3CE15EB7BE500256477 /* OpenGLES.framework */ = {isa = PBXFileReference; lastKnownFileType = wrapper.framework; name = OpenGLES.framework; path = System/Library/Frameworks/OpenGLES.framework; sourceTree = SDKROOT; };
		F293B3D015EB7BE500256477 /* OpenAL.framework */ = {isa = PBXFileReference; lastKnownFileType = wrapper.framework; name = OpenAL.framework; path = System/Library/Frameworks/OpenAL.framework; sourceTree = SDKROOT; };
		F293B3D215EB7BE500256477 /* AudioToolbox.framework */ = {isa = PBXFileReference; lastKnownFileType = wrapper.framework; name = AudioToolbox.framework; path = System/Library/Frameworks/AudioToolbox.framework; sourceTree = SDKROOT; };
		F293B3D415EB7BE500256477 /* AVFoundation.framework */ = {isa = PBXFileReference; lastKnownFileType = wrapper.framework; name = AVFoundation.framework; path = System/Library/Frameworks/AVFoundation.framework; sourceTree = SDKROOT; };
		F293B3D615EB7BE500256477 /* UIKit.framework */ = {isa = PBXFileReference; lastKnownFileType = wrapper.framework; name = UIKit.framework; path = System/Library/Frameworks/UIKit.framework; sourceTree = SDKROOT; };
		F293B3D815EB7BE500256477 /* Foundation.framework */ = {isa = PBXFileReference; lastKnownFileType = wrapper.framework; name = Foundation.framework; path = System/Library/Frameworks/Foundation.framework; sourceTree = SDKROOT; };
		F293B3DA15EB7BE500256477 /* CoreGraphics.framework */ = {isa = PBXFileReference; lastKnownFileType = wrapper.framework; name = CoreGraphics.framework; path = System/Library/Frameworks/CoreGraphics.framework; sourceTree = SDKROOT; };
		F293BB7E15EB831F00256477 /* AppDelegate.cpp */ = {isa = PBXFileReference; fileEncoding = 4; lastKnownFileType = sourcecode.cpp.cpp; name = AppDelegate.cpp; path = ../Classes/AppDelegate.cpp; sourceTree = "<group>"; };
		F293BB7F15EB831F00256477 /* AppDelegate.h */ = {isa = PBXFileReference; fileEncoding = 4; lastKnownFileType = sourcecode.c.h; name = AppDelegate.h; path = ../Classes/AppDelegate.h; sourceTree = "<group>"; };
/* End PBXFileReference section */

/* Begin PBXFrameworksBuildPhase section */
		5023813617EBBCE400990C9B /* Frameworks */ = {
			isa = PBXFrameworksBuildPhase;
			buildActionMask = 2147483647;
			files = (
				15427C79198F1FA200DC375D /* libluacocos2d Mac.a in Frameworks */,
				15427C78198F1F9900DC375D /* libcocos2d Mac.a in Frameworks */,
				15A8A4881834C90F00142BE0 /* libcurl.dylib in Frameworks */,
				50D7C97017EBBEEC005D0B91 /* IOKit.framework in Frameworks */,
				50D7C96E17EBBEE6005D0B91 /* AppKit.framework in Frameworks */,
				50D7C96C17EBBEDF005D0B91 /* OpenGL.framework in Frameworks */,
				5023813717EBBCE400990C9B /* libz.dylib in Frameworks */,
				5023813E17EBBCE400990C9B /* QuartzCore.framework in Frameworks */,
				5023814017EBBCE400990C9B /* OpenAL.framework in Frameworks */,
				5023814117EBBCE400990C9B /* AudioToolbox.framework in Frameworks */,
				5023814217EBBCE400990C9B /* AVFoundation.framework in Frameworks */,
				5023814417EBBCE400990C9B /* Foundation.framework in Frameworks */,
			);
			runOnlyForDeploymentPostprocessing = 0;
		};
		F293B3C515EB7BE500256477 /* Frameworks */ = {
			isa = PBXFrameworksBuildPhase;
			buildActionMask = 2147483647;
			files = (
				15427C5B198F1E0100DC375D /* libluacocos2d iOS.a in Frameworks */,
				15427C5A198F1DF000DC375D /* libcocos2d iOS.a in Frameworks */,
				15AECE29195D482800907DB0 /* MediaPlayer.framework in Frameworks */,
				D6B061351803AC000077942B /* CoreMotion.framework in Frameworks */,
				1AF4C403178663F200122817 /* libz.dylib in Frameworks */,
				50805AAF17EBBEAA004CFAD3 /* UIKit.framework in Frameworks */,
				5023817A17EBBE8300990C9B /* OpenGLES.framework in Frameworks */,
				F293B3CD15EB7BE500256477 /* QuartzCore.framework in Frameworks */,
				F293B3D115EB7BE500256477 /* OpenAL.framework in Frameworks */,
				F293B3D315EB7BE500256477 /* AudioToolbox.framework in Frameworks */,
				F293B3D515EB7BE500256477 /* AVFoundation.framework in Frameworks */,
				F293B3D915EB7BE500256477 /* Foundation.framework in Frameworks */,
				F293B3DB15EB7BE500256477 /* CoreGraphics.framework in Frameworks */,
			);
			runOnlyForDeploymentPostprocessing = 0;
		};
/* End PBXFrameworksBuildPhase section */

/* Begin PBXGroup section */
		15A8A4041834BDA200142BE0 /* Products */ = {
			isa = PBXGroup;
			children = (
				15A8A4171834BDA200142BE0 /* libcocos2d Mac.a */,
				15A8A4251834BDA200142BE0 /* libcocos2d iOS.a */,
			);
			name = Products;
			sourceTree = "<group>";
		};
		5023810617EBBCAC00990C9B /* ios */ = {
			isa = PBXGroup;
			children = (
				521A8E6819F0C3AC00D177D7 /* Default-667h@2x.png */,
				521A8E6919F0C3AC00D177D7 /* Default-736h@3x.png */,
				5023810717EBBCAC00990C9B /* AppController.h */,
				5023810817EBBCAC00990C9B /* AppController.mm */,
				5023810917EBBCAC00990C9B /* Default-568h@2x.png */,
				5023810A17EBBCAC00990C9B /* Default.png */,
				5023810B17EBBCAC00990C9B /* Default@2x.png */,
				5091734A17ECE18300D62437 /* Icons */,
				5023811317EBBCAC00990C9B /* Info.plist */,
				5023811417EBBCAC00990C9B /* main.m */,
				5023811517EBBCAC00990C9B /* Prefix.pch */,
				5023811617EBBCAC00990C9B /* RootViewController.h */,
				5023811717EBBCAC00990C9B /* RootViewController.mm */,
			);
			path = ios;
			sourceTree = "<group>";
		};
		5023817117EBBE3400990C9B /* mac */ = {
			isa = PBXGroup;
			children = (
				C06E23C318CEF9740093C81A /* main.cpp */,
				5023817217EBBE3400990C9B /* Icon.icns */,
				5023817317EBBE3400990C9B /* Info.plist */,
				5023817517EBBE3400990C9B /* Prefix.pch */,
			);
			path = mac;
			sourceTree = "<group>";
		};
		5091734A17ECE18300D62437 /* Icons */ = {
			isa = PBXGroup;
			children = (
				5091733017ECE17A00D62437 /* Icon-29.png */,
				5091733117ECE17A00D62437 /* Icon-40.png */,
				5091733217ECE17A00D62437 /* Icon-50.png */,
				5091733317ECE17A00D62437 /* Icon-58.png */,
				5091733417ECE17A00D62437 /* Icon-80.png */,
				5091733517ECE17A00D62437 /* Icon-100.png */,
				5023810C17EBBCAC00990C9B /* Icon-114.png */,
				5023810D17EBBCAC00990C9B /* Icon-120.png */,
				5023810E17EBBCAC00990C9B /* Icon-144.png */,
				5023810F17EBBCAC00990C9B /* Icon-152.png */,
				5023811017EBBCAC00990C9B /* Icon-57.png */,
				5023811117EBBCAC00990C9B /* Icon-72.png */,
				5023811217EBBCAC00990C9B /* Icon-76.png */,
			);
			name = Icons;
			sourceTree = "<group>";
		};
		B3643A5E1A6E000800BD8FD4 /* ArtResource */ = {
			isa = PBXGroup;
			children = (
				B3643A5F1A6E000800BD8FD4 /* Cooked */,
				B3643A611A6E006800BD8FD4 /* XTexturePacker.sh */,
			);
			name = ArtResource;
			path = ../../../ArtResource;
			sourceTree = "<group>";
		};
		B3643A5F1A6E000800BD8FD4 /* Cooked */ = {
			isa = PBXGroup;
			children = (
				B3B493EB1A6E486100207881 /* UI */,
			);
			path = Cooked;
			sourceTree = "<group>";
		};
		B37273A21AB2DC02002FC667 /* Singleton */ = {
			isa = PBXGroup;
			children = (
				B37273AA1AB2F1CF002FC667 /* MessageManage */,
			);
			path = Singleton;
			sourceTree = "<group>";
		};
		B37273AA1AB2F1CF002FC667 /* MessageManage */ = {
			isa = PBXGroup;
			children = (
				B37273AB1AB2F1CF002FC667 /* XMessagePool.cpp */,
				B37273AC1AB2F1CF002FC667 /* XMessagePool.h */,
			);
			path = MessageManage;
			sourceTree = "<group>";
		};
		B37A8C171A737A6F000F2FED /* Animate */ = {
			isa = PBXGroup;
			children = (
				B3BFE5601AB3642E00D1357E /* TongBase */,
				B37A8C181A737A6F000F2FED /* NewAnimation */,
			);
			name = Animate;
			path = ../../../Animate;
			sourceTree = "<group>";
		};
		B37A8C181A737A6F000F2FED /* NewAnimation */ = {
			isa = PBXGroup;
			children = (
				B37A8C191A737A6F000F2FED /* NewAnimation.ExportJson */,
				B37A8C1A1A737A6F000F2FED /* NewAnimation0.plist */,
				B37A8C1B1A737A6F000F2FED /* NewAnimation0.png */,
			);
			path = NewAnimation;
			sourceTree = "<group>";
		};
		B393248F1AAC39C100F345AA /* XUI */ = {
			isa = PBXGroup;
			children = (
				B39324901AAC39C100F345AA /* Joystick.cpp */,
				B39324911AAC39C100F345AA /* Joystick.h */,
				B39324921AAC39C100F345AA /* UIBattleLayer.cpp */,
				B39324931AAC39C100F345AA /* UIBattleLayer.h */,
				B3ADB65C1AAEEA0D008FAE77 /* XButton.cpp */,
				B3ADB65D1AAEEA0D008FAE77 /* XButton.h */,
				B3ADB6591AAEE808008FAE77 /* XPlayerMoveButton.cpp */,
				B3ADB65A1AAEE808008FAE77 /* XPlayerMoveButton.h */,
			);
			path = XUI;
			sourceTree = "<group>";
		};
		B39324961AAC3A0200F345AA /* XGameScene */ = {
			isa = PBXGroup;
			children = (
				B39324971AAC3A2D00F345AA /* XBattleScene.cpp */,
				B39324981AAC3A2D00F345AA /* XBattleScene.h */,
			);
			path = XGameScene;
			sourceTree = "<group>";
		};
		B3B493EB1A6E486100207881 /* UI */ = {
			isa = PBXGroup;
			children = (
				B3431D3C1AADE09F00609B22 /* joystick_bg.png */,
				B3431D3D1AADE09F00609B22 /* joystick_center.png */,
				B3B493EC1A6E486100207881 /* UI_Battle_hunbase */,
				B3B493F11A6E486100207881 /* UI_Battle_Public */,
				B3B493F61A6E486100207881 /* UI_Battle_shangbase */,
				B3B493FB1A6E486100207881 /* UI_Battle_xuanbase */,
			);
			path = UI;
			sourceTree = "<group>";
		};
		B3B493EC1A6E486100207881 /* UI_Battle_hunbase */ = {
			isa = PBXGroup;
			children = (
				B3B493ED1A6E486100207881 /* UI_Battle_hunbase-hd.plist */,
				B3B493EE1A6E486100207881 /* UI_Battle_hunbase-hd.pvr.ccz */,
				B3B493EF1A6E486100207881 /* UI_Battle_hunbase.plist */,
				B3B493F01A6E486100207881 /* UI_Battle_hunbase.pvr.ccz */,
			);
			path = UI_Battle_hunbase;
			sourceTree = "<group>";
		};
		B3B493F11A6E486100207881 /* UI_Battle_Public */ = {
			isa = PBXGroup;
			children = (
				B3B493F21A6E486100207881 /* UI_Battle_Public-hd.plist */,
				B3B493F31A6E486100207881 /* UI_Battle_Public-hd.pvr.ccz */,
				B3B493F41A6E486100207881 /* UI_Battle_Public.plist */,
				B3B493F51A6E486100207881 /* UI_Battle_Public.pvr.ccz */,
			);
			path = UI_Battle_Public;
			sourceTree = "<group>";
		};
		B3B493F61A6E486100207881 /* UI_Battle_shangbase */ = {
			isa = PBXGroup;
			children = (
				B3B493F71A6E486100207881 /* UI_Battle_shangbase-hd.plist */,
				B3B493F81A6E486100207881 /* UI_Battle_shangbase-hd.pvr.ccz */,
				B3B493F91A6E486100207881 /* UI_Battle_shangbase.plist */,
				B3B493FA1A6E486100207881 /* UI_Battle_shangbase.pvr.ccz */,
			);
			path = UI_Battle_shangbase;
			sourceTree = "<group>";
		};
		B3B493FB1A6E486100207881 /* UI_Battle_xuanbase */ = {
			isa = PBXGroup;
			children = (
				B3B493FC1A6E486100207881 /* UI_Battle_xuanbase-hd.plist */,
				B3B493FD1A6E486100207881 /* UI_Battle_xuanbase-hd.pvr.ccz */,
				B3B493FE1A6E486100207881 /* UI_Battle_xuanbase.plist */,
				B3B493FF1A6E486100207881 /* UI_Battle_xuanbase.pvr.ccz */,
			);
			path = UI_Battle_xuanbase;
			sourceTree = "<group>";
		};
		B3BFE5601AB3642E00D1357E /* TongBase */ = {
			isa = PBXGroup;
			children = (
				B3BFE5611AB3642E00D1357E /* TongBase.ExportJson */,
				B3BFE5621AB3642E00D1357E /* TongBase0.plist */,
				B3BFE5631AB3642E00D1357E /* TongBase0.png */,
			);
			path = TongBase;
			sourceTree = "<group>";
		};
		B3CF3BCA1AA5FBA6004EF9C6 /* XPlayerState */ = {
			isa = PBXGroup;
			children = (
				B3CF3BCB1AA5FBA6004EF9C6 /* XStateBattlePlayerAttack.cpp */,
				B3CF3BCC1AA5FBA6004EF9C6 /* XStateBattlePlayerAttack.h */,
				B3CF3BD11AA5FBA6004EF9C6 /* XStateBattlePlayerRun.cpp */,
				B3CF3BD21AA5FBA6004EF9C6 /* XStateBattlePlayerRun.h */,
				B3CF3BCD1AA5FBA6004EF9C6 /* XStateBattlePlayerDefend.cpp */,
				B3CF3BCE1AA5FBA6004EF9C6 /* XStateBattlePlayerDefend.h */,
				B3CF3BCF1AA5FBA6004EF9C6 /* XStateBattlePlayerJump.cpp */,
				B3CF3BD01AA5FBA6004EF9C6 /* XStateBattlePlayerJump.h */,
			);
			path = XPlayerState;
			sourceTree = "<group>";
		};
		B3D15DC81AB7D0C9007BA0D3 /* NetWork */ = {
			isa = PBXGroup;
			children = (
				B3D15DC91AB7D0E1007BA0D3 /* SocketManager.cpp */,
				B3D15DCA1AB7D0E1007BA0D3 /* SocketManager.h */,
			);
			path = NetWork;
			sourceTree = "<group>";
		};
		C03781AF18BF654500FE4F13 /* Products */ = {
			isa = PBXGroup;
			children = (
				15427C49198F1DE400DC375D /* libluacocos2d Mac.a */,
				15427C59198F1DE400DC375D /* libluacocos2d iOS.a */,
			);
			name = Products;
			sourceTree = "<group>";
		};
		F293B3BD15EB7BE500256477 = {
			isa = PBXGroup;
			children = (
				C03781AE18BF654500FE4F13 /* cocos2d_lua_bindings.xcodeproj */,
				15A8A4031834BDA200142BE0 /* cocos2d_libs.xcodeproj */,
				5023810617EBBCAC00990C9B /* ios */,
				5023817117EBBE3400990C9B /* mac */,
				F293BB7C15EB830F00256477 /* Classes */,
				B37A8C171A737A6F000F2FED /* Animate */,
				B3643A5E1A6E000800BD8FD4 /* ArtResource */,
				F293B3CB15EB7BE500256477 /* Frameworks */,
				F293B3C915EB7BE500256477 /* Products */,
				F293BC4615EB859D00256477 /* Resources */,
			);
			sourceTree = "<group>";
		};
		F293B3C915EB7BE500256477 /* Products */ = {
			isa = PBXGroup;
			children = (
				F293B3C815EB7BE500256477 /* X iOS.app */,
				5023816B17EBBCE400990C9B /* X Mac.app */,
			);
			name = Products;
			sourceTree = "<group>";
		};
		F293B3CB15EB7BE500256477 /* Frameworks */ = {
			isa = PBXGroup;
			children = (
				15AECE28195D482800907DB0 /* MediaPlayer.framework */,
				15A8A4871834C90E00142BE0 /* libcurl.dylib */,
				D6B061341803AC000077942B /* CoreMotion.framework */,
				50D7C96F17EBBEEC005D0B91 /* IOKit.framework */,
				50D7C96D17EBBEE6005D0B91 /* AppKit.framework */,
				50D7C96B17EBBEDF005D0B91 /* OpenGL.framework */,
				50805AAE17EBBEAA004CFAD3 /* UIKit.framework */,
				5023817917EBBE8300990C9B /* OpenGLES.framework */,
				1AF4C402178663F200122817 /* libz.dylib */,
				15C1568D1683131500D239F2 /* libcurl.a */,
				F293B3CC15EB7BE500256477 /* QuartzCore.framework */,
				F293B3CE15EB7BE500256477 /* OpenGLES.framework */,
				F293B3D015EB7BE500256477 /* OpenAL.framework */,
				F293B3D215EB7BE500256477 /* AudioToolbox.framework */,
				F293B3D415EB7BE500256477 /* AVFoundation.framework */,
				F293B3D615EB7BE500256477 /* UIKit.framework */,
				F293B3D815EB7BE500256477 /* Foundation.framework */,
				F293B3DA15EB7BE500256477 /* CoreGraphics.framework */,
			);
			name = Frameworks;
			sourceTree = "<group>";
		};
		F293BB7C15EB830F00256477 /* Classes */ = {
			isa = PBXGroup;
			children = (
				15427C7E198F201A00DC375D /* lua_module_register.h */,
				F293BB7E15EB831F00256477 /* AppDelegate.cpp */,
				F293BB7F15EB831F00256477 /* AppDelegate.h */,
				B3B493D51A6E34C300207881 /* HelloWorldScene.cpp */,
				B3B493D61A6E34C300207881 /* HelloWorldScene.h */,
				B33112E01A5BBAB800AA6FA6 /* XCharacterSprite.cpp */,
				B33112E11A5BBAB800AA6FA6 /* XCharacterSprite.h */,
				B33112E31A5BC0BD00AA6FA6 /* XPlayerSprite.cpp */,
				B33112E41A5BC0BD00AA6FA6 /* XPlayerSprite.h */,
				B38DA22F1A91D112001CEF54 /* XCharacter.cpp */,
				B38DA2301A91D112001CEF54 /* XCharacter.h */,
				B3A6D18E1A6CACD100815657 /* XPlayer.cpp */,
				B3A6D18F1A6CACD100815657 /* XPlayer.h */,
				B3A6D1911A6CAE0500815657 /* XBattleInfo.cpp */,
				B3A6D1921A6CAE0500815657 /* XBattleInfo.h */,
				B3A6D1941A6CAE5200815657 /* XHallInfo.cpp */,
				B3A6D1951A6CAE5200815657 /* XHallInfo.h */,
				B38DA2271A919EFF001CEF54 /* XStateMachine.cpp */,
				B38DA2281A919EFF001CEF54 /* XStateMachine.h */,
				B38DA22C1A91CE3D001CEF54 /* XState.cpp */,
				B38DA22D1A91CE3D001CEF54 /* XState.h */,
				B3CF3BB61AA5F649004EF9C6 /* XStateBattleBase.cpp */,
				B3CF3BB71AA5F649004EF9C6 /* XStateBattleBase.h */,
				B3D15DC81AB7D0C9007BA0D3 /* NetWork */,
				B39324961AAC3A0200F345AA /* XGameScene */,
				B393248F1AAC39C100F345AA /* XUI */,
				B37273A21AB2DC02002FC667 /* Singleton */,
				B3CF3BCA1AA5FBA6004EF9C6 /* XPlayerState */,
			);
			name = Classes;
			sourceTree = "<group>";
		};
		F293BC4615EB859D00256477 /* Resources */ = {
			isa = PBXGroup;
			children = (
				B3B493DF1A6E391900207881 /* HelloWorld.png */,
				C03781B718BF655400FE4F13 /* res */,
				C03781B818BF655400FE4F13 /* src */,
			);
			name = Resources;
			path = ../Resources;
			sourceTree = "<group>";
		};
/* End PBXGroup section */

/* Begin PBXLegacyTarget section */
		B3643A631A6E012E00BD8FD4 /* XTexturePacker */ = {
			isa = PBXLegacyTarget;
			buildArgumentsString = "\"$(PROJECT_DIR)/../../../ArtResource/XTexturePacker.sh\"";
			buildConfigurationList = B3643A641A6E012E00BD8FD4 /* Build configuration list for PBXLegacyTarget "XTexturePacker" */;
			buildPhases = (
			);
			buildToolPath = /bin/sh;
			buildWorkingDirectory = "$(SRCROOT)/../../..";
			dependencies = (
			);
			name = XTexturePacker;
			passBuildSettingsInEnvironment = 1;
			productName = XTexturePacker;
		};
/* End PBXLegacyTarget section */

/* Begin PBXNativeTarget section */
		5023812617EBBCE400990C9B /* X Mac */ = {
			isa = PBXNativeTarget;
			buildConfigurationList = 5023816817EBBCE400990C9B /* Build configuration list for PBXNativeTarget "X Mac" */;
			buildPhases = (
				5023813117EBBCE400990C9B /* Sources */,
				5023813617EBBCE400990C9B /* Frameworks */,
				5023814617EBBCE400990C9B /* Resources */,
				3EC03837196544AA00D72B70 /* ShellScript */,
			);
			buildRules = (
			);
			dependencies = (
				15427C71198F1F4D00DC375D /* PBXTargetDependency */,
				15427C73198F1F4D00DC375D /* PBXTargetDependency */,
			);
			name = "X Mac";
			productName = X;
			productReference = 5023816B17EBBCE400990C9B /* X Mac.app */;
			productType = "com.apple.product-type.application";
		};
		F293B3C715EB7BE500256477 /* X iOS */ = {
			isa = PBXNativeTarget;
			buildConfigurationList = F293B6C415EB7BEA00256477 /* Build configuration list for PBXNativeTarget "X iOS" */;
			buildPhases = (
				F293B3C415EB7BE500256477 /* Sources */,
				F293B3C515EB7BE500256477 /* Frameworks */,
				F293B3C615EB7BE500256477 /* Resources */,
				3EC03838196544BB00D72B70 /* ShellScript */,
			);
			buildRules = (
			);
			dependencies = (
				B3B494111A6E56FA00207881 /* PBXTargetDependency */,
				15427C65198F1E7400DC375D /* PBXTargetDependency */,
				15427C67198F1E7400DC375D /* PBXTargetDependency */,
			);
			name = "X iOS";
			productName = X;
			productReference = F293B3C815EB7BE500256477 /* X iOS.app */;
			productType = "com.apple.product-type.application";
		};
/* End PBXNativeTarget section */

/* Begin PBXProject section */
		F293B3BF15EB7BE500256477 /* Project object */ = {
			isa = PBXProject;
			attributes = {
				LastUpgradeCheck = 0500;
				TargetAttributes = {
					B3643A631A6E012E00BD8FD4 = {
						CreatedOnToolsVersion = 6.1;
					};
					F293B3C715EB7BE500256477 = {
						DevelopmentTeam = MDDB52YB8L;
					};
				};
			};
			buildConfigurationList = F293B3C215EB7BE500256477 /* Build configuration list for PBXProject "X" */;
			compatibilityVersion = "Xcode 3.2";
			developmentRegion = English;
			hasScannedForEncodings = 0;
			knownRegions = (
				en,
			);
			mainGroup = F293B3BD15EB7BE500256477;
			productRefGroup = F293B3C915EB7BE500256477 /* Products */;
			projectDirPath = "";
			projectReferences = (
				{
					ProductGroup = 15A8A4041834BDA200142BE0 /* Products */;
					ProjectRef = 15A8A4031834BDA200142BE0 /* cocos2d_libs.xcodeproj */;
				},
				{
					ProductGroup = C03781AF18BF654500FE4F13 /* Products */;
					ProjectRef = C03781AE18BF654500FE4F13 /* cocos2d_lua_bindings.xcodeproj */;
				},
			);
			projectRoot = "";
			targets = (
				F293B3C715EB7BE500256477 /* X iOS */,
				5023812617EBBCE400990C9B /* X Mac */,
				B3643A631A6E012E00BD8FD4 /* XTexturePacker */,
			);
		};
/* End PBXProject section */

/* Begin PBXReferenceProxy section */
		15427C49198F1DE400DC375D /* libluacocos2d Mac.a */ = {
			isa = PBXReferenceProxy;
			fileType = archive.ar;
			path = "libluacocos2d Mac.a";
			remoteRef = 15427C48198F1DE400DC375D /* PBXContainerItemProxy */;
			sourceTree = BUILT_PRODUCTS_DIR;
		};
		15427C59198F1DE400DC375D /* libluacocos2d iOS.a */ = {
			isa = PBXReferenceProxy;
			fileType = archive.ar;
			path = "libluacocos2d iOS.a";
			remoteRef = 15427C58198F1DE400DC375D /* PBXContainerItemProxy */;
			sourceTree = BUILT_PRODUCTS_DIR;
		};
		15A8A4171834BDA200142BE0 /* libcocos2d Mac.a */ = {
			isa = PBXReferenceProxy;
			fileType = archive.ar;
			path = "libcocos2d Mac.a";
			remoteRef = 15A8A4161834BDA200142BE0 /* PBXContainerItemProxy */;
			sourceTree = BUILT_PRODUCTS_DIR;
		};
		15A8A4251834BDA200142BE0 /* libcocos2d iOS.a */ = {
			isa = PBXReferenceProxy;
			fileType = archive.ar;
			path = "libcocos2d iOS.a";
			remoteRef = 15A8A4241834BDA200142BE0 /* PBXContainerItemProxy */;
			sourceTree = BUILT_PRODUCTS_DIR;
		};
/* End PBXReferenceProxy section */

/* Begin PBXResourcesBuildPhase section */
		5023814617EBBCE400990C9B /* Resources */ = {
			isa = PBXResourcesBuildPhase;
			buildActionMask = 2147483647;
			files = (
				C03781BA18BF655400FE4F13 /* res in Resources */,
				C03781BC18BF655400FE4F13 /* src in Resources */,
				5023817617EBBE3400990C9B /* Icon.icns in Resources */,
			);
			runOnlyForDeploymentPostprocessing = 0;
		};
		F293B3C615EB7BE500256477 /* Resources */ = {
			isa = PBXResourcesBuildPhase;
			buildActionMask = 2147483647;
			files = (
				15A8A4491834C64F00142BE0 /* Icon-114.png in Resources */,
				5023811D17EBBCAC00990C9B /* Icon-120.png in Resources */,
				5091733B17ECE17A00D62437 /* Icon-100.png in Resources */,
				B3B494071A6E486100207881 /* UI_Battle_Public.pvr.ccz in Resources */,
				5023811B17EBBCAC00990C9B /* Default@2x.png in Resources */,
				5091733617ECE17A00D62437 /* Icon-29.png in Resources */,
				5023811917EBBCAC00990C9B /* Default-568h@2x.png in Resources */,
				5091733917ECE17A00D62437 /* Icon-58.png in Resources */,
				B3B4940A1A6E486100207881 /* UI_Battle_shangbase.plist in Resources */,
				B3B4940D1A6E486100207881 /* UI_Battle_xuanbase-hd.pvr.ccz in Resources */,
				B3B494021A6E486100207881 /* UI_Battle_hunbase.plist in Resources */,
				B3B494011A6E486100207881 /* UI_Battle_hunbase-hd.pvr.ccz in Resources */,
				B3B494061A6E486100207881 /* UI_Battle_Public.plist in Resources */,
				521A8E6B19F0C3AC00D177D7 /* Default-736h@3x.png in Resources */,
				521A8E6A19F0C3AC00D177D7 /* Default-667h@2x.png in Resources */,
				B37A8C1E1A737A6F000F2FED /* NewAnimation0.png in Resources */,
				5023811F17EBBCAC00990C9B /* Icon-152.png in Resources */,
				5023812017EBBCAC00990C9B /* Icon-57.png in Resources */,
				B3431D3E1AADE09F00609B22 /* joystick_bg.png in Resources */,
				B3B494091A6E486100207881 /* UI_Battle_shangbase-hd.pvr.ccz in Resources */,
				C03781B918BF655400FE4F13 /* res in Resources */,
				B3BFE5661AB3642E00D1357E /* TongBase0.png in Resources */,
				B3B4940F1A6E486100207881 /* UI_Battle_xuanbase.pvr.ccz in Resources */,
				5023812217EBBCAC00990C9B /* Icon-76.png in Resources */,
				B3B4940B1A6E486100207881 /* UI_Battle_shangbase.pvr.ccz in Resources */,
				B3B494031A6E486100207881 /* UI_Battle_hunbase.pvr.ccz in Resources */,
				B37A8C1D1A737A6F000F2FED /* NewAnimation0.plist in Resources */,
				B3643A621A6E006800BD8FD4 /* XTexturePacker.sh in Resources */,
				5091733A17ECE17A00D62437 /* Icon-80.png in Resources */,
				B3BFE5641AB3642E00D1357E /* TongBase.ExportJson in Resources */,
				B3B4940E1A6E486100207881 /* UI_Battle_xuanbase.plist in Resources */,
				B3B494001A6E486100207881 /* UI_Battle_hunbase-hd.plist in Resources */,
				B3BFE5651AB3642E00D1357E /* TongBase0.plist in Resources */,
				B3B494051A6E486100207881 /* UI_Battle_Public-hd.pvr.ccz in Resources */,
				B3B4940C1A6E486100207881 /* UI_Battle_xuanbase-hd.plist in Resources */,
				5091733717ECE17A00D62437 /* Icon-40.png in Resources */,
				B3431D3F1AADE09F00609B22 /* joystick_center.png in Resources */,
				5023811E17EBBCAC00990C9B /* Icon-144.png in Resources */,
				B3B494041A6E486100207881 /* UI_Battle_Public-hd.plist in Resources */,
				B37A8C1C1A737A6F000F2FED /* NewAnimation.ExportJson in Resources */,
				B3B493E01A6E391900207881 /* HelloWorld.png in Resources */,
				B3B494081A6E486100207881 /* UI_Battle_shangbase-hd.plist in Resources */,
				5023811A17EBBCAC00990C9B /* Default.png in Resources */,
				C03781BB18BF655400FE4F13 /* src in Resources */,
				5091733817ECE17A00D62437 /* Icon-50.png in Resources */,
				5023812117EBBCAC00990C9B /* Icon-72.png in Resources */,
			);
			runOnlyForDeploymentPostprocessing = 0;
		};
/* End PBXResourcesBuildPhase section */

/* Begin PBXShellScriptBuildPhase section */
		3EC03837196544AA00D72B70 /* ShellScript */ = {
			isa = PBXShellScriptBuildPhase;
			buildActionMask = 2147483647;
			files = (
			);
			inputPaths = (
			);
			outputPaths = (
			);
			runOnlyForDeploymentPostprocessing = 0;
			shellPath = /bin/sh;
			shellScript = "find ${SRCROOT}/../../../src/ -name \"*\" -exec touch -cm {} \\;\nfind ${SRCROOT}/../../../res/ -name \"*\" -exec touch -cm {} \\;";
		};
		3EC03838196544BB00D72B70 /* ShellScript */ = {
			isa = PBXShellScriptBuildPhase;
			buildActionMask = 2147483647;
			files = (
			);
			inputPaths = (
			);
			outputPaths = (
			);
			runOnlyForDeploymentPostprocessing = 0;
			shellPath = /bin/sh;
			shellScript = "find ${SRCROOT}/../../../src/ -name \"*\" -exec touch -cm {} \\;\nfind ${SRCROOT}/../../../res/ -name \"*\" -exec touch -cm {} \\;";
		};
/* End PBXShellScriptBuildPhase section */

/* Begin PBXSourcesBuildPhase section */
		5023813117EBBCE400990C9B /* Sources */ = {
			isa = PBXSourcesBuildPhase;
			buildActionMask = 2147483647;
			files = (
				C06E23C418CEF9740093C81A /* main.cpp in Sources */,
				5023813317EBBCE400990C9B /* AppDelegate.cpp in Sources */,
			);
			runOnlyForDeploymentPostprocessing = 0;
		};
		F293B3C415EB7BE500256477 /* Sources */ = {
			isa = PBXSourcesBuildPhase;
			buildActionMask = 2147483647;
			files = (
				B37273AD1AB2F1CF002FC667 /* XMessagePool.cpp in Sources */,
				B3CF3BD51AA5FBA6004EF9C6 /* XStateBattlePlayerJump.cpp in Sources */,
				B39324941AAC39C100F345AA /* Joystick.cpp in Sources */,
				B3CF3BD61AA5FBA6004EF9C6 /* XStateBattlePlayerRun.cpp in Sources */,
				B38DA22E1A91CE3D001CEF54 /* XState.cpp in Sources */,
				B3A6D1931A6CAE0500815657 /* XBattleInfo.cpp in Sources */,
				B33112E21A5BBAB800AA6FA6 /* XCharacterSprite.cpp in Sources */,
				5023812517EBBCAC00990C9B /* RootViewController.mm in Sources */,
				F293BB9C15EB831F00256477 /* AppDelegate.cpp in Sources */,
				B3CF3BD41AA5FBA6004EF9C6 /* XStateBattlePlayerDefend.cpp in Sources */,
				B39324951AAC39C100F345AA /* UIBattleLayer.cpp in Sources */,
				B33112E51A5BC0BD00AA6FA6 /* XPlayerSprite.cpp in Sources */,
				B38DA2291A919EFF001CEF54 /* XStateMachine.cpp in Sources */,
				B3ADB65E1AAEEA0D008FAE77 /* XButton.cpp in Sources */,
				B38DA2311A91D112001CEF54 /* XCharacter.cpp in Sources */,
				5023812417EBBCAC00990C9B /* main.m in Sources */,
				B3CF3BB81AA5F649004EF9C6 /* XStateBattleBase.cpp in Sources */,
				B3B493D71A6E34C300207881 /* HelloWorldScene.cpp in Sources */,
				B3CF3BD31AA5FBA6004EF9C6 /* XStateBattlePlayerAttack.cpp in Sources */,
				B39324991AAC3A2D00F345AA /* XBattleScene.cpp in Sources */,
				B3A6D1901A6CACD100815657 /* XPlayer.cpp in Sources */,
				B3D15DCB1AB7D0E1007BA0D3 /* SocketManager.cpp in Sources */,
				B3A6D1961A6CAE5200815657 /* XHallInfo.cpp in Sources */,
				B3ADB65B1AAEE808008FAE77 /* XPlayerMoveButton.cpp in Sources */,
				5023811817EBBCAC00990C9B /* AppController.mm in Sources */,
			);
			runOnlyForDeploymentPostprocessing = 0;
		};
/* End PBXSourcesBuildPhase section */

/* Begin PBXTargetDependency section */
		15427C65198F1E7400DC375D /* PBXTargetDependency */ = {
			isa = PBXTargetDependency;
			name = "libluacocos2d iOS";
			targetProxy = 15427C64198F1E7400DC375D /* PBXContainerItemProxy */;
		};
		15427C67198F1E7400DC375D /* PBXTargetDependency */ = {
			isa = PBXTargetDependency;
			name = "libcocos2d iOS";
			targetProxy = 15427C66198F1E7400DC375D /* PBXContainerItemProxy */;
		};
		15427C71198F1F4D00DC375D /* PBXTargetDependency */ = {
			isa = PBXTargetDependency;
			name = "libluacocos2d Mac";
			targetProxy = 15427C70198F1F4D00DC375D /* PBXContainerItemProxy */;
		};
		15427C73198F1F4D00DC375D /* PBXTargetDependency */ = {
			isa = PBXTargetDependency;
			name = "libcocos2d Mac";
			targetProxy = 15427C72198F1F4D00DC375D /* PBXContainerItemProxy */;
		};
		B3B494111A6E56FA00207881 /* PBXTargetDependency */ = {
			isa = PBXTargetDependency;
			target = B3643A631A6E012E00BD8FD4 /* XTexturePacker */;
			targetProxy = B3B494101A6E56FA00207881 /* PBXContainerItemProxy */;
		};
/* End PBXTargetDependency section */

/* Begin XCBuildConfiguration section */
		5023816917EBBCE400990C9B /* Debug */ = {
			isa = XCBuildConfiguration;
			buildSettings = {
				ALWAYS_SEARCH_USER_PATHS = YES;
				ARCHS = "$(ARCHS_STANDARD_64_BIT)";
				COMBINE_HIDPI_IMAGES = YES;
				GCC_DYNAMIC_NO_PIC = NO;
				GCC_PRECOMPILE_PREFIX_HEADER = YES;
				GCC_PREFIX_HEADER = mac/Prefix.pch;
				GCC_PREPROCESSOR_DEFINITIONS = (
					GLFW_EXPOSE_NATIVE_COCOA,
					GLFW_EXPOSE_NATIVE_NSGL,
					CC_TARGET_OS_MAC,
					"$(inherited)",
				);
				HEADER_SEARCH_PATHS = "";
				INFOPLIST_FILE = mac/Info.plist;
				LIBRARY_SEARCH_PATHS = "";
				OTHER_LDFLAGS = (
					"-image_base",
					100000000,
					"-pagezero_size",
					10000,
				);
				SDKROOT = macosx;
				USER_HEADER_SEARCH_PATHS = "$(inherited) $(SRCROOT)/../../cocos2d-x/cocos/platform/mac $(SRCROOT)/../../cocos2d-x/external/glfw3/include/mac";
			};
			name = Debug;
		};
		5023816A17EBBCE400990C9B /* Release */ = {
			isa = XCBuildConfiguration;
			buildSettings = {
				ALWAYS_SEARCH_USER_PATHS = YES;
				ARCHS = "$(ARCHS_STANDARD_64_BIT)";
				COMBINE_HIDPI_IMAGES = YES;
				GCC_PRECOMPILE_PREFIX_HEADER = YES;
				GCC_PREFIX_HEADER = mac/Prefix.pch;
				GCC_PREPROCESSOR_DEFINITIONS = (
					CC_TARGET_OS_MAC,
					"$(inherited)",
				);
				HEADER_SEARCH_PATHS = "";
				INFOPLIST_FILE = mac/Info.plist;
				LIBRARY_SEARCH_PATHS = "";
				OTHER_LDFLAGS = (
					"-image_base",
					100000000,
					"-pagezero_size",
					10000,
				);
				SDKROOT = macosx;
				USER_HEADER_SEARCH_PATHS = "$(inherited) $(SRCROOT)/../../cocos2d-x/cocos/platform/mac $(SRCROOT)/../../cocos2d-x/external/glfw3/include/mac";
			};
			name = Release;
		};
		B3643A651A6E012E00BD8FD4 /* Debug */ = {
			isa = XCBuildConfiguration;
			buildSettings = {
				ALWAYS_SEARCH_USER_PATHS = NO;
				CLANG_CXX_LANGUAGE_STANDARD = "gnu++0x";
				CLANG_ENABLE_MODULES = YES;
				CLANG_ENABLE_OBJC_ARC = YES;
				CLANG_WARN_BOOL_CONVERSION = YES;
				CLANG_WARN_CONSTANT_CONVERSION = YES;
				CLANG_WARN_DIRECT_OBJC_ISA_USAGE = YES_ERROR;
				CLANG_WARN_EMPTY_BODY = YES;
				CLANG_WARN_ENUM_CONVERSION = YES;
				CLANG_WARN_INT_CONVERSION = YES;
				CLANG_WARN_OBJC_ROOT_CLASS = YES_ERROR;
				CLANG_WARN_UNREACHABLE_CODE = YES;
				CLANG_WARN__DUPLICATE_METHOD_MATCH = YES;
				DEBUGGING_SYMBOLS = YES;
				ENABLE_STRICT_OBJC_MSGSEND = YES;
				GCC_C_LANGUAGE_STANDARD = gnu99;
				GCC_DYNAMIC_NO_PIC = NO;
				GCC_GENERATE_DEBUGGING_SYMBOLS = YES;
				GCC_OPTIMIZATION_LEVEL = 0;
				GCC_PREPROCESSOR_DEFINITIONS = (
					"DEBUG=1",
					"$(inherited)",
				);
				GCC_WARN_64_TO_32_BIT_CONVERSION = YES;
				GCC_WARN_ABOUT_RETURN_TYPE = YES_ERROR;
				GCC_WARN_UNDECLARED_SELECTOR = YES;
				GCC_WARN_UNINITIALIZED_AUTOS = YES_AGGRESSIVE;
				GCC_WARN_UNUSED_FUNCTION = YES;
				MACOSX_DEPLOYMENT_TARGET = 10.10;
				MTL_ENABLE_DEBUG_INFO = YES;
				OTHER_CFLAGS = "";
				OTHER_LDFLAGS = "";
				PRODUCT_NAME = "$(TARGET_NAME)";
				SDKROOT = macosx;
			};
			name = Debug;
		};
		B3643A661A6E012E00BD8FD4 /* Release */ = {
			isa = XCBuildConfiguration;
			buildSettings = {
				ALWAYS_SEARCH_USER_PATHS = NO;
				CLANG_CXX_LANGUAGE_STANDARD = "gnu++0x";
				CLANG_ENABLE_MODULES = YES;
				CLANG_ENABLE_OBJC_ARC = YES;
				CLANG_WARN_BOOL_CONVERSION = YES;
				CLANG_WARN_CONSTANT_CONVERSION = YES;
				CLANG_WARN_DIRECT_OBJC_ISA_USAGE = YES_ERROR;
				CLANG_WARN_EMPTY_BODY = YES;
				CLANG_WARN_ENUM_CONVERSION = YES;
				CLANG_WARN_INT_CONVERSION = YES;
				CLANG_WARN_OBJC_ROOT_CLASS = YES_ERROR;
				CLANG_WARN_UNREACHABLE_CODE = YES;
				CLANG_WARN__DUPLICATE_METHOD_MATCH = YES;
				COPY_PHASE_STRIP = YES;
				DEBUG_INFORMATION_FORMAT = "dwarf-with-dsym";
				ENABLE_NS_ASSERTIONS = NO;
				ENABLE_STRICT_OBJC_MSGSEND = YES;
				GCC_C_LANGUAGE_STANDARD = gnu99;
				GCC_WARN_64_TO_32_BIT_CONVERSION = YES;
				GCC_WARN_ABOUT_RETURN_TYPE = YES_ERROR;
				GCC_WARN_UNDECLARED_SELECTOR = YES;
				GCC_WARN_UNINITIALIZED_AUTOS = YES_AGGRESSIVE;
				GCC_WARN_UNUSED_FUNCTION = YES;
				MACOSX_DEPLOYMENT_TARGET = 10.10;
				MTL_ENABLE_DEBUG_INFO = NO;
				OTHER_CFLAGS = "";
				OTHER_LDFLAGS = "";
				PRODUCT_NAME = "$(TARGET_NAME)";
				SDKROOT = macosx;
			};
			name = Release;
		};
		F293B6C215EB7BEA00256477 /* Debug */ = {
			isa = XCBuildConfiguration;
			buildSettings = {
				CLANG_CXX_LANGUAGE_STANDARD = "c++0x";
				CLANG_CXX_LIBRARY = "libc++";
				COPY_PHASE_STRIP = NO;
				GCC_C_LANGUAGE_STANDARD = c99;
				GCC_OPTIMIZATION_LEVEL = 0;
				GCC_PREPROCESSOR_DEFINITIONS = (
					DEBUG,
					"COCOS2D_DEBUG=1",
					USE_FILE32API,
					"CC_LUA_ENGINE_ENABLED=1",
					"CC_ENABLE_CHIPMUNK_INTEGRATION=1",
					GLFW_EXPOSE_NATIVE_COCOA,
				);
				GCC_SYMBOLS_PRIVATE_EXTERN = NO;
				GCC_WARN_ABOUT_RETURN_TYPE = YES;
				GCC_WARN_UNUSED_VARIABLE = YES;
				HEADER_SEARCH_PATHS = "";
				ONLY_ACTIVE_ARCH = YES;
				PRODUCT_NAME = "$(TARGET_NAME)";
				USER_HEADER_SEARCH_PATHS = "$(SRCROOT)/../../cocos2d-x $(SRCROOT)/../../cocos2d-x/cocos $(SRCROOT)/../../cocos2d-x/cocos/base $(SRCROOT)/../../cocos2d-x/cocos/physics $(SRCROOT)/../../cocos2d-x/cocos/math/kazmath $(SRCROOT)/../../cocos2d-x/cocos/2d $(SRCROOT)/../../cocos2d-x/cocos/ui $(SRCROOT)/../../cocos2d-x/cocos/network $(SRCROOT)/../../cocos2d-x/cocos/audio/include $(SRCROOT)/../../cocos2d-x/cocos/editor-support $(SRCROOT)/../../cocos2d-x/extensions $(SRCROOT)/../../cocos2d-x/external $(SRCROOT)/../../cocos2d-x/external/chipmunk/include/chipmunk $(SRCROOT)/../../cocos2d-x/external/lua/luajit/include $(SRCROOT)/../../cocos2d-x/external/lua/tolua $(SRCROOT)/../../cocos2d-x/cocos/scripting/lua-bindings/manual $(SRCROOT)/../../cocos2d-x/cocos/scripting/lua-bindings/auto";
			};
			name = Debug;
		};
		F293B6C315EB7BEA00256477 /* Release */ = {
			isa = XCBuildConfiguration;
			buildSettings = {
				CLANG_CXX_LANGUAGE_STANDARD = "c++0x";
				CLANG_CXX_LIBRARY = "libc++";
				GCC_C_LANGUAGE_STANDARD = c99;
				GCC_PREPROCESSOR_DEFINITIONS = (
					NDEBUG,
					USE_FILE32API,
					"CC_LUA_ENGINE_ENABLED=1",
					"CC_ENABLE_CHIPMUNK_INTEGRATION=1",
				);
				GCC_WARN_ABOUT_RETURN_TYPE = YES;
				GCC_WARN_UNUSED_VARIABLE = YES;
				HEADER_SEARCH_PATHS = "";
				OTHER_CFLAGS = "-DNS_BLOCK_ASSERTIONS=1";
				PRODUCT_NAME = "$(TARGET_NAME)";
				USER_HEADER_SEARCH_PATHS = "$(SRCROOT)/../../cocos2d-x $(SRCROOT)/../../cocos2d-x/cocos $(SRCROOT)/../../cocos2d-x/cocos/base $(SRCROOT)/../../cocos2d-x/cocos/physics $(SRCROOT)/../../cocos2d-x/cocos/math/kazmath $(SRCROOT)/../../cocos2d-x/cocos/2d $(SRCROOT)/../../cocos2d-x/cocos/ui $(SRCROOT)/../../cocos2d-x/cocos/network $(SRCROOT)/../../cocos2d-x/cocos/audio/include $(SRCROOT)/../../cocos2d-x/cocos/editor-support $(SRCROOT)/../../cocos2d-x/extensions $(SRCROOT)/../../cocos2d-x/external $(SRCROOT)/../../cocos2d-x/external/chipmunk/include/chipmunk $(SRCROOT)/../../cocos2d-x/external/lua/luajit/include $(SRCROOT)/../../cocos2d-x/external/lua/tolua $(SRCROOT)/../../cocos2d-x/cocos/scripting/lua-bindings/manual $(SRCROOT)/../../cocos2d-x/cocos/scripting/lua-bindings/auto";
				VALIDATE_PRODUCT = YES;
			};
			name = Release;
		};
		F293B6C515EB7BEA00256477 /* Debug */ = {
			isa = XCBuildConfiguration;
			buildSettings = {
				ALWAYS_SEARCH_USER_PATHS = YES;
				CODE_SIGN_IDENTITY = "iPhone Developer";
				COMPRESS_PNG_FILES = NO;
				GCC_DYNAMIC_NO_PIC = NO;
				GCC_PRECOMPILE_PREFIX_HEADER = YES;
				GCC_PREFIX_HEADER = ios/Prefix.pch;
				GCC_PREPROCESSOR_DEFINITIONS = (
					CC_TARGET_OS_IPHONE,
					"$(inherited)",
				);
				HEADER_SEARCH_PATHS = "";
				INFOPLIST_FILE = ios/Info.plist;
				IPHONEOS_DEPLOYMENT_TARGET = 5.0;
				LIBRARY_SEARCH_PATHS = "";
				SDKROOT = iphoneos;
				TARGETED_DEVICE_FAMILY = "1,2";
				USER_HEADER_SEARCH_PATHS = "$(inherited) $(SRCROOT)/../../cocos2d-x/cocos/platform/ios";
				VALID_ARCHS = "arm64 armv7";
			};
			name = Debug;
		};
		F293B6C615EB7BEA00256477 /* Release */ = {
			isa = XCBuildConfiguration;
			buildSettings = {
				ALWAYS_SEARCH_USER_PATHS = YES;
				CODE_SIGN_IDENTITY = "iPhone Developer";
				COMPRESS_PNG_FILES = NO;
				GCC_PRECOMPILE_PREFIX_HEADER = YES;
				GCC_PREFIX_HEADER = ios/Prefix.pch;
				GCC_PREPROCESSOR_DEFINITIONS = (
					CC_TARGET_OS_IPHONE,
					"$(inherited)",
				);
				HEADER_SEARCH_PATHS = "";
				INFOPLIST_FILE = ios/Info.plist;
				IPHONEOS_DEPLOYMENT_TARGET = 5.0;
				LIBRARY_SEARCH_PATHS = "";
				SDKROOT = iphoneos;
				TARGETED_DEVICE_FAMILY = "1,2";
				USER_HEADER_SEARCH_PATHS = "$(inherited) $(SRCROOT)/../../cocos2d-x/cocos/platform/ios";
				VALID_ARCHS = "arm64 armv7";
			};
			name = Release;
		};
/* End XCBuildConfiguration section */

/* Begin XCConfigurationList section */
		5023816817EBBCE400990C9B /* Build configuration list for PBXNativeTarget "X Mac" */ = {
			isa = XCConfigurationList;
			buildConfigurations = (
				5023816917EBBCE400990C9B /* Debug */,
				5023816A17EBBCE400990C9B /* Release */,
			);
			defaultConfigurationIsVisible = 0;
			defaultConfigurationName = Release;
		};
		B3643A641A6E012E00BD8FD4 /* Build configuration list for PBXLegacyTarget "XTexturePacker" */ = {
			isa = XCConfigurationList;
			buildConfigurations = (
				B3643A651A6E012E00BD8FD4 /* Debug */,
				B3643A661A6E012E00BD8FD4 /* Release */,
			);
			defaultConfigurationIsVisible = 0;
			defaultConfigurationName = Release;
		};
		F293B3C215EB7BE500256477 /* Build configuration list for PBXProject "X" */ = {
			isa = XCConfigurationList;
			buildConfigurations = (
				F293B6C215EB7BEA00256477 /* Debug */,
				F293B6C315EB7BEA00256477 /* Release */,
			);
			defaultConfigurationIsVisible = 0;
			defaultConfigurationName = Release;
		};
		F293B6C415EB7BEA00256477 /* Build configuration list for PBXNativeTarget "X iOS" */ = {
			isa = XCConfigurationList;
			buildConfigurations = (
				F293B6C515EB7BEA00256477 /* Debug */,
				F293B6C615EB7BEA00256477 /* Release */,
			);
			defaultConfigurationIsVisible = 0;
			defaultConfigurationName = Release;
		};
/* End XCConfigurationList section */
	};
	rootObject = F293B3BF15EB7BE500256477 /* Project object */;
}
